
Microsoft Visual Studio Solution File, Format Version 12.00
# Visual Studio Version 17
VisualStudioVersion = 17.13.35806.99
MinimumVisualStudioVersion = 10.0.40219.1
Project("{8BC9CEB8-8B4A-11D0-8D11-00A0C91BC942}") = "CRCDiff", "Tools\CRCDiff\CRCDiff.vcxproj", "{9301CACA-5B44-4D6A-990F-7E5E5D7EE7C2}"
EndProject
Project("{8BC9CEB8-8B4A-11D0-8D11-00A0C91BC942}") = "Compression", "Libraries\Source\Compression\Compression.vcxproj", "{FEBA7EB4-5178-4E83-AF64-EA914C2A5471}"
EndProject
Project("{8BC9CEB8-8B4A-11D0-8D11-00A0C91BC942}") = "DebugWindow", "Tools\DebugWindow\DebugWindow.vcxproj", "{CA2AD7E3-4378-426A-9ED4-53CBDEB4332E}"
EndProject
Project("{8BC9CEB8-8B4A-11D0-8D11-00A0C91BC942}") = "GUIEdit", "Tools\GUIEdit\GUIEdit.vcxproj", "{59D6BB6B-580D-4D04-A332-DE98F0F3AFC4}"
	ProjectSection(ProjectDependencies) = postProject
		{845363AF-8D9B-464C-80FA-C2FEF7A71C68} = {845363AF-8D9B-464C-80FA-C2FEF7A71C68}
	EndProjectSection
EndProject
Project("{8BC9CEB8-8B4A-11D0-8D11-00A0C91BC942}") = "GameEngine", "GameEngine\GameEngine.vcxproj", "{49F90300-0954-4A90-81FC-100F72F88E81}"
EndProject
Project("{8BC9CEB8-8B4A-11D0-8D11-00A0C91BC942}") = "GameEngineDevice", "GameEngineDevice\GameEngineDevice.vcxproj", "{B31EDB9C-26F3-4209-AD23-CD365BB44310}"
EndProject
Project("{8BC9CEB8-8B4A-11D0-8D11-00A0C91BC942}") = "ImagePacker", "Tools\ImagePacker\ImagePacker.vcxproj", "{14BFABF8-296D-41D7-B060-C85E5310C2A2}"
EndProject
Project("{8BC9CEB8-8B4A-11D0-8D11-00A0C91BC942}") = "MapCacheBuilder", "Tools\MapCacheBuilder\MapCacheBuilder.vcxproj", "{C931D760-F4B9-46C2-B9A4-0C4FB52B9FAE}"
EndProject
Project("{8BC9CEB8-8B4A-11D0-8D11-00A0C91BC942}") = "ParticleEditor", "Tools\ParticleEditor\ParticleEditor.vcxproj", "{DD820E81-8858-4C23-B922-1C0215960744}"
EndProject
Project("{8BC9CEB8-8B4A-11D0-8D11-00A0C91BC942}") = "RTS", "RTS.vcxproj", "{49901032-3D38-4C19-BF1C-CCF027405ABC}"
	ProjectSection(ProjectDependencies) = postProject
		{845363AF-8D9B-464C-80FA-C2FEF7A71C68} = {845363AF-8D9B-464C-80FA-C2FEF7A71C68}
	EndProjectSection
EndProject
Project("{8BC9CEB8-8B4A-11D0-8D11-00A0C91BC942}") = "WWDownload", "Libraries\Source\WWVegas\WWDownload\WWDownload.vcxproj", "{F015FC81-43DA-40E1-9AE4-D2148703C340}"
EndProject
Project("{8BC9CEB8-8B4A-11D0-8D11-00A0C91BC942}") = "WorldBuilder", "Tools\WorldBuilder\WorldBuilder.vcxproj", "{779C84E8-8746-45A0-B5CF-AC67D7523FE6}"
	ProjectSection(ProjectDependencies) = postProject
		{845363AF-8D9B-464C-80FA-C2FEF7A71C68} = {845363AF-8D9B-464C-80FA-C2FEF7A71C68}
	EndProjectSection
EndProject
Project("{8BC9CEB8-8B4A-11D0-8D11-00A0C91BC942}") = "assetcull", "Tools\assetcull\assetcull.vcxproj", "{B6C390E4-AAA7-4955-AC47-565295BF2504}"
EndProject
Project("{8BC9CEB8-8B4A-11D0-8D11-00A0C91BC942}") = "debug", "Libraries\Source\debug\debug.vcxproj", "{1661958A-73BF-464F-BEFE-E16DCE248312}"
EndProject
Project("{8BC9CEB8-8B4A-11D0-8D11-00A0C91BC942}") = "patchgrabber", "Tools\PATCHGET\patchgrabber.vcxproj", "{D9A391B1-B2BA-4BFA-82D0-7EA70F7DD5B5}"
EndProject
Project("{8BC9CEB8-8B4A-11D0-8D11-00A0C91BC942}") = "ww3d2", "Libraries\Source\WWVegas\WW3D2\ww3d2.vcxproj", "{CB65A852-E9F2-4B18-875A-335F54882491}"
EndProject
Project("{8BC9CEB8-8B4A-11D0-8D11-00A0C91BC942}") = "wwdebug", "Libraries\Source\WWVegas\WWDebug\wwdebug.vcxproj", "{D41F55CB-7A5C-455D-8BFB-103347C4D632}"
EndProject
Project("{8BC9CEB8-8B4A-11D0-8D11-00A0C91BC942}") = "wwlib", "Libraries\Source\WWVegas\WWLib\wwlib.vcxproj", "{763FCCC9-5EA9-4816-A918-69E778DC434F}"
EndProject
Project("{8BC9CEB8-8B4A-11D0-8D11-00A0C91BC942}") = "wwmath", "Libraries\Source\WWVegas\WWMath\wwmath.vcxproj", "{35667BC7-755E-4715-B335-E71F3EFF2DB6}"
EndProject
Project("{8BC9CEB8-8B4A-11D0-8D11-00A0C91BC942}") = "wwsaveload", "Libraries\Source\WWVegas\WWSaveLoad\wwsaveload.vcxproj", "{B0DC42B9-E0A8-40E1-9F6B-C9B3E7DCA77D}"
EndProject
Project("{8BC9CEB8-8B4A-11D0-8D11-00A0C91BC942}") = "wwshade", "Libraries\Source\WWVegas\wwshade\wwshade.vcxproj", "{D6E9F721-C6C3-4E47-A18E-2F43AC046465}"
EndProject
Project("{8BC9CEB8-8B4A-11D0-8D11-00A0C91BC942}") = "textureCompress", "Tools\textureCompress\textureCompress.vcxproj", "{7EE4D2E5-056C-42A6-BEB1-7E68CC44C20F}"
EndProject
Project("{8BC9CEB8-8B4A-11D0-8D11-00A0C91BC942}") = "max2w3d", "Tools\WW3D\max2w3d\max2w3d.vcxproj", "{031B222D-B002-4DDD-8CFE-29109B579ED0}"
EndProject
Project("{8BC9CEB8-8B4A-11D0-8D11-00A0C91BC942}") = "pluglib", "Tools\WW3D\pluglib\pluglib.vcxproj", "{E9C53393-859D-4E25-AF14-198EBC1E67B8}"
EndProject
Project("{8BC9CEB8-8B4A-11D0-8D11-00A0C91BC942}") = "Compress", "Tools\Compress\Compress.vcxproj", "{CA938EB6-B3F2-456A-94A3-6AB144E57408}"
EndProject
Project("{8BC9CEB8-8B4A-11D0-8D11-00A0C91BC942}") = "GameRenderer", "GameRenderer\GameRenderer.vcxproj", "{845363AF-8D9B-464C-80FA-C2FEF7A71C68}"
EndProject
Project("{2150E333-8FDC-42A3-9474-1A3956D46DE8}") = "Editor", "Editor", "{02EA681E-C7D8-13C7-8484-4AC65E1B71E8}"
EndProject
Project("{2150E333-8FDC-42A3-9474-1A3956D46DE8}") = "Exes", "Exes", "{044A6BF4-539B-4702-9C0F-E152EEB7F290}"
EndProject
Project("{2150E333-8FDC-42A3-9474-1A3956D46DE8}") = "Game", "Game", "{16556FE7-6A33-4697-8551-36AA9E50A523}"
EndProject
Project("{2150E333-8FDC-42A3-9474-1A3956D46DE8}") = "Toolchain", "Toolchain", "{C3C93DFF-A96A-4E13-9F26-2D2490A17EF1}"
EndProject
Project("{2150E333-8FDC-42A3-9474-1A3956D46DE8}") = "WWLibs", "WWLibs", "{6E683A5B-38B9-4D76-B117-19B8FCBF8EE2}"
EndProject
Global
	GlobalSection(SolutionConfigurationPlatforms) = preSolution
		Debug|Win32 = Debug|Win32
		DebugE|Win32 = DebugE|Win32
		DebugW3D|Win32 = DebugW3D|Win32
		French|Win32 = French|Win32
		German|Win32 = German|Win32
		Hybrid|Win32 = Hybrid|Win32
		Internal|Win32 = Internal|Win32
		Max4Hybrid|Win32 = Max4Hybrid|Win32
		Max4Release|Win32 = Max4Release|Win32
		Profile|Win32 = Profile|Win32
		ProfileE|Win32 = ProfileE|Win32
		Release|Win32 = Release|Win32
		Spanish|Win32 = Spanish|Win32
	EndGlobalSection
	GlobalSection(ProjectConfigurationPlatforms) = postSolution
		{9301CACA-5B44-4D6A-990F-7E5E5D7EE7C2}.Debug|Win32.ActiveCfg = Debug|Win32
		{9301CACA-5B44-4D6A-990F-7E5E5D7EE7C2}.Debug|Win32.Build.0 = Debug|Win32
		{9301CACA-5B44-4D6A-990F-7E5E5D7EE7C2}.DebugE|Win32.ActiveCfg = Debug|Win32
		{9301CACA-5B44-4D6A-990F-7E5E5D7EE7C2}.DebugE|Win32.Build.0 = Debug|Win32
		{9301CACA-5B44-4D6A-990F-7E5E5D7EE7C2}.DebugW3D|Win32.ActiveCfg = Debug|Win32
		{9301CACA-5B44-4D6A-990F-7E5E5D7EE7C2}.DebugW3D|Win32.Build.0 = Debug|Win32
		{9301CACA-5B44-4D6A-990F-7E5E5D7EE7C2}.French|Win32.ActiveCfg = Release|Win32
		{9301CACA-5B44-4D6A-990F-7E5E5D7EE7C2}.French|Win32.Build.0 = Release|Win32
		{9301CACA-5B44-4D6A-990F-7E5E5D7EE7C2}.German|Win32.ActiveCfg = Release|Win32
		{9301CACA-5B44-4D6A-990F-7E5E5D7EE7C2}.German|Win32.Build.0 = Release|Win32
		{9301CACA-5B44-4D6A-990F-7E5E5D7EE7C2}.Hybrid|Win32.ActiveCfg = Release|Win32
		{9301CACA-5B44-4D6A-990F-7E5E5D7EE7C2}.Hybrid|Win32.Build.0 = Release|Win32
		{9301CACA-5B44-4D6A-990F-7E5E5D7EE7C2}.Internal|Win32.ActiveCfg = Release|Win32
		{9301CACA-5B44-4D6A-990F-7E5E5D7EE7C2}.Internal|Win32.Build.0 = Release|Win32
		{9301CACA-5B44-4D6A-990F-7E5E5D7EE7C2}.Max4Hybrid|Win32.ActiveCfg = Release|Win32
		{9301CACA-5B44-4D6A-990F-7E5E5D7EE7C2}.Max4Hybrid|Win32.Build.0 = Release|Win32
		{9301CACA-5B44-4D6A-990F-7E5E5D7EE7C2}.Max4Release|Win32.ActiveCfg = Release|Win32
		{9301CACA-5B44-4D6A-990F-7E5E5D7EE7C2}.Max4Release|Win32.Build.0 = Release|Win32
		{9301CACA-5B44-4D6A-990F-7E5E5D7EE7C2}.Profile|Win32.ActiveCfg = Release|Win32
		{9301CACA-5B44-4D6A-990F-7E5E5D7EE7C2}.Profile|Win32.Build.0 = Release|Win32
		{9301CACA-5B44-4D6A-990F-7E5E5D7EE7C2}.ProfileE|Win32.ActiveCfg = Release|Win32
		{9301CACA-5B44-4D6A-990F-7E5E5D7EE7C2}.ProfileE|Win32.Build.0 = Release|Win32
		{9301CACA-5B44-4D6A-990F-7E5E5D7EE7C2}.Release|Win32.ActiveCfg = Release|Win32
		{9301CACA-5B44-4D6A-990F-7E5E5D7EE7C2}.Release|Win32.Build.0 = Release|Win32
		{9301CACA-5B44-4D6A-990F-7E5E5D7EE7C2}.Spanish|Win32.ActiveCfg = Release|Win32
		{9301CACA-5B44-4D6A-990F-7E5E5D7EE7C2}.Spanish|Win32.Build.0 = Release|Win32
		{FEBA7EB4-5178-4E83-AF64-EA914C2A5471}.Debug|Win32.ActiveCfg = Debug|Win32
		{FEBA7EB4-5178-4E83-AF64-EA914C2A5471}.Debug|Win32.Build.0 = Debug|Win32
		{FEBA7EB4-5178-4E83-AF64-EA914C2A5471}.DebugE|Win32.ActiveCfg = Debug|Win32
		{FEBA7EB4-5178-4E83-AF64-EA914C2A5471}.DebugE|Win32.Build.0 = Debug|Win32
		{FEBA7EB4-5178-4E83-AF64-EA914C2A5471}.DebugW3D|Win32.ActiveCfg = Debug|Win32
		{FEBA7EB4-5178-4E83-AF64-EA914C2A5471}.DebugW3D|Win32.Build.0 = Debug|Win32
		{FEBA7EB4-5178-4E83-AF64-EA914C2A5471}.French|Win32.ActiveCfg = Debug|Win32
		{FEBA7EB4-5178-4E83-AF64-EA914C2A5471}.French|Win32.Build.0 = Debug|Win32
		{FEBA7EB4-5178-4E83-AF64-EA914C2A5471}.German|Win32.ActiveCfg = Debug|Win32
		{FEBA7EB4-5178-4E83-AF64-EA914C2A5471}.German|Win32.Build.0 = Debug|Win32
		{FEBA7EB4-5178-4E83-AF64-EA914C2A5471}.Hybrid|Win32.ActiveCfg = Debug|Win32
		{FEBA7EB4-5178-4E83-AF64-EA914C2A5471}.Hybrid|Win32.Build.0 = Debug|Win32
		{FEBA7EB4-5178-4E83-AF64-EA914C2A5471}.Internal|Win32.ActiveCfg = Internal|Win32
		{FEBA7EB4-5178-4E83-AF64-EA914C2A5471}.Internal|Win32.Build.0 = Internal|Win32
		{FEBA7EB4-5178-4E83-AF64-EA914C2A5471}.Max4Hybrid|Win32.ActiveCfg = Debug|Win32
		{FEBA7EB4-5178-4E83-AF64-EA914C2A5471}.Max4Hybrid|Win32.Build.0 = Debug|Win32
		{FEBA7EB4-5178-4E83-AF64-EA914C2A5471}.Max4Release|Win32.ActiveCfg = Release|Win32
		{FEBA7EB4-5178-4E83-AF64-EA914C2A5471}.Max4Release|Win32.Build.0 = Release|Win32
		{FEBA7EB4-5178-4E83-AF64-EA914C2A5471}.Profile|Win32.ActiveCfg = Debug|Win32
		{FEBA7EB4-5178-4E83-AF64-EA914C2A5471}.Profile|Win32.Build.0 = Debug|Win32
		{FEBA7EB4-5178-4E83-AF64-EA914C2A5471}.ProfileE|Win32.ActiveCfg = Debug|Win32
		{FEBA7EB4-5178-4E83-AF64-EA914C2A5471}.ProfileE|Win32.Build.0 = Debug|Win32
		{FEBA7EB4-5178-4E83-AF64-EA914C2A5471}.Release|Win32.ActiveCfg = Release|Win32
		{FEBA7EB4-5178-4E83-AF64-EA914C2A5471}.Release|Win32.Build.0 = Release|Win32
		{FEBA7EB4-5178-4E83-AF64-EA914C2A5471}.Spanish|Win32.ActiveCfg = Debug|Win32
		{FEBA7EB4-5178-4E83-AF64-EA914C2A5471}.Spanish|Win32.Build.0 = Debug|Win32
		{CA2AD7E3-4378-426A-9ED4-53CBDEB4332E}.Debug|Win32.ActiveCfg = Debug|Win32
		{CA2AD7E3-4378-426A-9ED4-53CBDEB4332E}.Debug|Win32.Build.0 = Debug|Win32
		{CA2AD7E3-4378-426A-9ED4-53CBDEB4332E}.DebugE|Win32.ActiveCfg = Debug|Win32
		{CA2AD7E3-4378-426A-9ED4-53CBDEB4332E}.DebugE|Win32.Build.0 = Debug|Win32
		{CA2AD7E3-4378-426A-9ED4-53CBDEB4332E}.DebugW3D|Win32.ActiveCfg = Debug|Win32
		{CA2AD7E3-4378-426A-9ED4-53CBDEB4332E}.DebugW3D|Win32.Build.0 = Debug|Win32
		{CA2AD7E3-4378-426A-9ED4-53CBDEB4332E}.French|Win32.ActiveCfg = Release|Win32
		{CA2AD7E3-4378-426A-9ED4-53CBDEB4332E}.French|Win32.Build.0 = Release|Win32
		{CA2AD7E3-4378-426A-9ED4-53CBDEB4332E}.German|Win32.ActiveCfg = Release|Win32
		{CA2AD7E3-4378-426A-9ED4-53CBDEB4332E}.German|Win32.Build.0 = Release|Win32
		{CA2AD7E3-4378-426A-9ED4-53CBDEB4332E}.Hybrid|Win32.ActiveCfg = Release|Win32
		{CA2AD7E3-4378-426A-9ED4-53CBDEB4332E}.Hybrid|Win32.Build.0 = Release|Win32
		{CA2AD7E3-4378-426A-9ED4-53CBDEB4332E}.Internal|Win32.ActiveCfg = Release|Win32
		{CA2AD7E3-4378-426A-9ED4-53CBDEB4332E}.Internal|Win32.Build.0 = Release|Win32
		{CA2AD7E3-4378-426A-9ED4-53CBDEB4332E}.Max4Hybrid|Win32.ActiveCfg = Release|Win32
		{CA2AD7E3-4378-426A-9ED4-53CBDEB4332E}.Max4Hybrid|Win32.Build.0 = Release|Win32
		{CA2AD7E3-4378-426A-9ED4-53CBDEB4332E}.Max4Release|Win32.ActiveCfg = Release|Win32
		{CA2AD7E3-4378-426A-9ED4-53CBDEB4332E}.Max4Release|Win32.Build.0 = Release|Win32
		{CA2AD7E3-4378-426A-9ED4-53CBDEB4332E}.Profile|Win32.ActiveCfg = Release|Win32
		{CA2AD7E3-4378-426A-9ED4-53CBDEB4332E}.Profile|Win32.Build.0 = Release|Win32
		{CA2AD7E3-4378-426A-9ED4-53CBDEB4332E}.ProfileE|Win32.ActiveCfg = Release|Win32
		{CA2AD7E3-4378-426A-9ED4-53CBDEB4332E}.ProfileE|Win32.Build.0 = Release|Win32
		{CA2AD7E3-4378-426A-9ED4-53CBDEB4332E}.Release|Win32.ActiveCfg = Release|Win32
		{CA2AD7E3-4378-426A-9ED4-53CBDEB4332E}.Release|Win32.Build.0 = Release|Win32
		{CA2AD7E3-4378-426A-9ED4-53CBDEB4332E}.Spanish|Win32.ActiveCfg = Release|Win32
		{CA2AD7E3-4378-426A-9ED4-53CBDEB4332E}.Spanish|Win32.Build.0 = Release|Win32
		{59D6BB6B-580D-4D04-A332-DE98F0F3AFC4}.Debug|Win32.ActiveCfg = Debug|Win32
		{59D6BB6B-580D-4D04-A332-DE98F0F3AFC4}.Debug|Win32.Build.0 = Debug|Win32
		{59D6BB6B-580D-4D04-A332-DE98F0F3AFC4}.DebugE|Win32.ActiveCfg = Debug|Win32
		{59D6BB6B-580D-4D04-A332-DE98F0F3AFC4}.DebugE|Win32.Build.0 = Debug|Win32
		{59D6BB6B-580D-4D04-A332-DE98F0F3AFC4}.DebugW3D|Win32.ActiveCfg = Debug|Win32
		{59D6BB6B-580D-4D04-A332-DE98F0F3AFC4}.DebugW3D|Win32.Build.0 = Debug|Win32
		{59D6BB6B-580D-4D04-A332-DE98F0F3AFC4}.French|Win32.ActiveCfg = Internal|Win32
		{59D6BB6B-580D-4D04-A332-DE98F0F3AFC4}.French|Win32.Build.0 = Internal|Win32
		{59D6BB6B-580D-4D04-A332-DE98F0F3AFC4}.German|Win32.ActiveCfg = Internal|Win32
		{59D6BB6B-580D-4D04-A332-DE98F0F3AFC4}.German|Win32.Build.0 = Internal|Win32
		{59D6BB6B-580D-4D04-A332-DE98F0F3AFC4}.Hybrid|Win32.ActiveCfg = Internal|Win32
		{59D6BB6B-580D-4D04-A332-DE98F0F3AFC4}.Hybrid|Win32.Build.0 = Internal|Win32
		{59D6BB6B-580D-4D04-A332-DE98F0F3AFC4}.Internal|Win32.ActiveCfg = Internal|Win32
		{59D6BB6B-580D-4D04-A332-DE98F0F3AFC4}.Internal|Win32.Build.0 = Internal|Win32
		{59D6BB6B-580D-4D04-A332-DE98F0F3AFC4}.Max4Hybrid|Win32.ActiveCfg = Internal|Win32
		{59D6BB6B-580D-4D04-A332-DE98F0F3AFC4}.Max4Hybrid|Win32.Build.0 = Internal|Win32
		{59D6BB6B-580D-4D04-A332-DE98F0F3AFC4}.Max4Release|Win32.ActiveCfg = Release|Win32
		{59D6BB6B-580D-4D04-A332-DE98F0F3AFC4}.Max4Release|Win32.Build.0 = Release|Win32
		{59D6BB6B-580D-4D04-A332-DE98F0F3AFC4}.Profile|Win32.ActiveCfg = Internal|Win32
		{59D6BB6B-580D-4D04-A332-DE98F0F3AFC4}.Profile|Win32.Build.0 = Internal|Win32
		{59D6BB6B-580D-4D04-A332-DE98F0F3AFC4}.ProfileE|Win32.ActiveCfg = Internal|Win32
		{59D6BB6B-580D-4D04-A332-DE98F0F3AFC4}.ProfileE|Win32.Build.0 = Internal|Win32
		{59D6BB6B-580D-4D04-A332-DE98F0F3AFC4}.Release|Win32.ActiveCfg = Release|Win32
		{59D6BB6B-580D-4D04-A332-DE98F0F3AFC4}.Release|Win32.Build.0 = Release|Win32
		{59D6BB6B-580D-4D04-A332-DE98F0F3AFC4}.Spanish|Win32.ActiveCfg = Internal|Win32
		{59D6BB6B-580D-4D04-A332-DE98F0F3AFC4}.Spanish|Win32.Build.0 = Internal|Win32
		{49F90300-0954-4A90-81FC-100F72F88E81}.Debug|Win32.ActiveCfg = Debug|Win32
		{49F90300-0954-4A90-81FC-100F72F88E81}.Debug|Win32.Build.0 = Debug|Win32
		{49F90300-0954-4A90-81FC-100F72F88E81}.DebugE|Win32.ActiveCfg = Debug|Win32
		{49F90300-0954-4A90-81FC-100F72F88E81}.DebugE|Win32.Build.0 = Debug|Win32
		{49F90300-0954-4A90-81FC-100F72F88E81}.DebugW3D|Win32.ActiveCfg = Debug|Win32
		{49F90300-0954-4A90-81FC-100F72F88E81}.DebugW3D|Win32.Build.0 = Debug|Win32
		{49F90300-0954-4A90-81FC-100F72F88E81}.French|Win32.ActiveCfg = Profile|Win32
		{49F90300-0954-4A90-81FC-100F72F88E81}.French|Win32.Build.0 = Profile|Win32
		{49F90300-0954-4A90-81FC-100F72F88E81}.German|Win32.ActiveCfg = Profile|Win32
		{49F90300-0954-4A90-81FC-100F72F88E81}.German|Win32.Build.0 = Profile|Win32
		{49F90300-0954-4A90-81FC-100F72F88E81}.Hybrid|Win32.ActiveCfg = Profile|Win32
		{49F90300-0954-4A90-81FC-100F72F88E81}.Hybrid|Win32.Build.0 = Profile|Win32
		{49F90300-0954-4A90-81FC-100F72F88E81}.Internal|Win32.ActiveCfg = Internal|Win32
		{49F90300-0954-4A90-81FC-100F72F88E81}.Internal|Win32.Build.0 = Internal|Win32
		{49F90300-0954-4A90-81FC-100F72F88E81}.Max4Hybrid|Win32.ActiveCfg = Profile|Win32
		{49F90300-0954-4A90-81FC-100F72F88E81}.Max4Hybrid|Win32.Build.0 = Profile|Win32
		{49F90300-0954-4A90-81FC-100F72F88E81}.Max4Release|Win32.ActiveCfg = Release|Win32
		{49F90300-0954-4A90-81FC-100F72F88E81}.Max4Release|Win32.Build.0 = Release|Win32
		{49F90300-0954-4A90-81FC-100F72F88E81}.Profile|Win32.ActiveCfg = Profile|Win32
		{49F90300-0954-4A90-81FC-100F72F88E81}.Profile|Win32.Build.0 = Profile|Win32
		{49F90300-0954-4A90-81FC-100F72F88E81}.ProfileE|Win32.ActiveCfg = Profile|Win32
		{49F90300-0954-4A90-81FC-100F72F88E81}.ProfileE|Win32.Build.0 = Profile|Win32
		{49F90300-0954-4A90-81FC-100F72F88E81}.Release|Win32.ActiveCfg = Release|Win32
		{49F90300-0954-4A90-81FC-100F72F88E81}.Release|Win32.Build.0 = Release|Win32
		{49F90300-0954-4A90-81FC-100F72F88E81}.Spanish|Win32.ActiveCfg = Profile|Win32
		{49F90300-0954-4A90-81FC-100F72F88E81}.Spanish|Win32.Build.0 = Profile|Win32
		{B31EDB9C-26F3-4209-AD23-CD365BB44310}.Debug|Win32.ActiveCfg = Debug|Win32
		{B31EDB9C-26F3-4209-AD23-CD365BB44310}.Debug|Win32.Build.0 = Debug|Win32
		{B31EDB9C-26F3-4209-AD23-CD365BB44310}.DebugE|Win32.ActiveCfg = Debug|Win32
		{B31EDB9C-26F3-4209-AD23-CD365BB44310}.DebugE|Win32.Build.0 = Debug|Win32
		{B31EDB9C-26F3-4209-AD23-CD365BB44310}.DebugW3D|Win32.ActiveCfg = Debug|Win32
		{B31EDB9C-26F3-4209-AD23-CD365BB44310}.DebugW3D|Win32.Build.0 = Debug|Win32
		{B31EDB9C-26F3-4209-AD23-CD365BB44310}.French|Win32.ActiveCfg = Profile|Win32
		{B31EDB9C-26F3-4209-AD23-CD365BB44310}.French|Win32.Build.0 = Profile|Win32
		{B31EDB9C-26F3-4209-AD23-CD365BB44310}.German|Win32.ActiveCfg = Profile|Win32
		{B31EDB9C-26F3-4209-AD23-CD365BB44310}.German|Win32.Build.0 = Profile|Win32
		{B31EDB9C-26F3-4209-AD23-CD365BB44310}.Hybrid|Win32.ActiveCfg = Profile|Win32
		{B31EDB9C-26F3-4209-AD23-CD365BB44310}.Hybrid|Win32.Build.0 = Profile|Win32
		{B31EDB9C-26F3-4209-AD23-CD365BB44310}.Internal|Win32.ActiveCfg = Internal|Win32
		{B31EDB9C-26F3-4209-AD23-CD365BB44310}.Internal|Win32.Build.0 = Internal|Win32
		{B31EDB9C-26F3-4209-AD23-CD365BB44310}.Max4Hybrid|Win32.ActiveCfg = Profile|Win32
		{B31EDB9C-26F3-4209-AD23-CD365BB44310}.Max4Hybrid|Win32.Build.0 = Profile|Win32
		{B31EDB9C-26F3-4209-AD23-CD365BB44310}.Max4Release|Win32.ActiveCfg = Release|Win32
		{B31EDB9C-26F3-4209-AD23-CD365BB44310}.Max4Release|Win32.Build.0 = Release|Win32
		{B31EDB9C-26F3-4209-AD23-CD365BB44310}.Profile|Win32.ActiveCfg = Profile|Win32
		{B31EDB9C-26F3-4209-AD23-CD365BB44310}.Profile|Win32.Build.0 = Profile|Win32
		{B31EDB9C-26F3-4209-AD23-CD365BB44310}.ProfileE|Win32.ActiveCfg = Profile|Win32
		{B31EDB9C-26F3-4209-AD23-CD365BB44310}.ProfileE|Win32.Build.0 = Profile|Win32
		{B31EDB9C-26F3-4209-AD23-CD365BB44310}.Release|Win32.ActiveCfg = Release|Win32
		{B31EDB9C-26F3-4209-AD23-CD365BB44310}.Release|Win32.Build.0 = Release|Win32
		{B31EDB9C-26F3-4209-AD23-CD365BB44310}.Spanish|Win32.ActiveCfg = Profile|Win32
		{B31EDB9C-26F3-4209-AD23-CD365BB44310}.Spanish|Win32.Build.0 = Profile|Win32
		{14BFABF8-296D-41D7-B060-C85E5310C2A2}.Debug|Win32.ActiveCfg = Debug|Win32
		{14BFABF8-296D-41D7-B060-C85E5310C2A2}.Debug|Win32.Build.0 = Debug|Win32
		{14BFABF8-296D-41D7-B060-C85E5310C2A2}.DebugE|Win32.ActiveCfg = Debug|Win32
		{14BFABF8-296D-41D7-B060-C85E5310C2A2}.DebugE|Win32.Build.0 = Debug|Win32
		{14BFABF8-296D-41D7-B060-C85E5310C2A2}.DebugW3D|Win32.ActiveCfg = Debug|Win32
		{14BFABF8-296D-41D7-B060-C85E5310C2A2}.DebugW3D|Win32.Build.0 = Debug|Win32
		{14BFABF8-296D-41D7-B060-C85E5310C2A2}.French|Win32.ActiveCfg = Release|Win32
		{14BFABF8-296D-41D7-B060-C85E5310C2A2}.French|Win32.Build.0 = Release|Win32
		{14BFABF8-296D-41D7-B060-C85E5310C2A2}.German|Win32.ActiveCfg = Release|Win32
		{14BFABF8-296D-41D7-B060-C85E5310C2A2}.German|Win32.Build.0 = Release|Win32
		{14BFABF8-296D-41D7-B060-C85E5310C2A2}.Hybrid|Win32.ActiveCfg = Release|Win32
		{14BFABF8-296D-41D7-B060-C85E5310C2A2}.Hybrid|Win32.Build.0 = Release|Win32
		{14BFABF8-296D-41D7-B060-C85E5310C2A2}.Internal|Win32.ActiveCfg = Internal|Win32
		{14BFABF8-296D-41D7-B060-C85E5310C2A2}.Internal|Win32.Build.0 = Internal|Win32
		{14BFABF8-296D-41D7-B060-C85E5310C2A2}.Max4Hybrid|Win32.ActiveCfg = Release|Win32
		{14BFABF8-296D-41D7-B060-C85E5310C2A2}.Max4Hybrid|Win32.Build.0 = Release|Win32
		{14BFABF8-296D-41D7-B060-C85E5310C2A2}.Max4Release|Win32.ActiveCfg = Release|Win32
		{14BFABF8-296D-41D7-B060-C85E5310C2A2}.Max4Release|Win32.Build.0 = Release|Win32
		{14BFABF8-296D-41D7-B060-C85E5310C2A2}.Profile|Win32.ActiveCfg = Release|Win32
		{14BFABF8-296D-41D7-B060-C85E5310C2A2}.Profile|Win32.Build.0 = Release|Win32
		{14BFABF8-296D-41D7-B060-C85E5310C2A2}.ProfileE|Win32.ActiveCfg = Release|Win32
		{14BFABF8-296D-41D7-B060-C85E5310C2A2}.ProfileE|Win32.Build.0 = Release|Win32
		{14BFABF8-296D-41D7-B060-C85E5310C2A2}.Release|Win32.ActiveCfg = Release|Win32
		{14BFABF8-296D-41D7-B060-C85E5310C2A2}.Release|Win32.Build.0 = Release|Win32
		{14BFABF8-296D-41D7-B060-C85E5310C2A2}.Spanish|Win32.ActiveCfg = Release|Win32
		{14BFABF8-296D-41D7-B060-C85E5310C2A2}.Spanish|Win32.Build.0 = Release|Win32
		{C931D760-F4B9-46C2-B9A4-0C4FB52B9FAE}.Debug|Win32.ActiveCfg = Debug|Win32
		{C931D760-F4B9-46C2-B9A4-0C4FB52B9FAE}.Debug|Win32.Build.0 = Debug|Win32
		{C931D760-F4B9-46C2-B9A4-0C4FB52B9FAE}.DebugE|Win32.ActiveCfg = Debug|Win32
		{C931D760-F4B9-46C2-B9A4-0C4FB52B9FAE}.DebugE|Win32.Build.0 = Debug|Win32
		{C931D760-F4B9-46C2-B9A4-0C4FB52B9FAE}.DebugW3D|Win32.ActiveCfg = Debug|Win32
		{C931D760-F4B9-46C2-B9A4-0C4FB52B9FAE}.DebugW3D|Win32.Build.0 = Debug|Win32
		{C931D760-F4B9-46C2-B9A4-0C4FB52B9FAE}.French|Win32.ActiveCfg = Release|Win32
		{C931D760-F4B9-46C2-B9A4-0C4FB52B9FAE}.French|Win32.Build.0 = Release|Win32
		{C931D760-F4B9-46C2-B9A4-0C4FB52B9FAE}.German|Win32.ActiveCfg = Release|Win32
		{C931D760-F4B9-46C2-B9A4-0C4FB52B9FAE}.German|Win32.Build.0 = Release|Win32
		{C931D760-F4B9-46C2-B9A4-0C4FB52B9FAE}.Hybrid|Win32.ActiveCfg = Release|Win32
		{C931D760-F4B9-46C2-B9A4-0C4FB52B9FAE}.Hybrid|Win32.Build.0 = Release|Win32
		{C931D760-F4B9-46C2-B9A4-0C4FB52B9FAE}.Internal|Win32.ActiveCfg = Internal|Win32
		{C931D760-F4B9-46C2-B9A4-0C4FB52B9FAE}.Internal|Win32.Build.0 = Internal|Win32
		{C931D760-F4B9-46C2-B9A4-0C4FB52B9FAE}.Max4Hybrid|Win32.ActiveCfg = Release|Win32
		{C931D760-F4B9-46C2-B9A4-0C4FB52B9FAE}.Max4Hybrid|Win32.Build.0 = Release|Win32
		{C931D760-F4B9-46C2-B9A4-0C4FB52B9FAE}.Max4Release|Win32.ActiveCfg = Release|Win32
		{C931D760-F4B9-46C2-B9A4-0C4FB52B9FAE}.Max4Release|Win32.Build.0 = Release|Win32
		{C931D760-F4B9-46C2-B9A4-0C4FB52B9FAE}.Profile|Win32.ActiveCfg = Release|Win32
		{C931D760-F4B9-46C2-B9A4-0C4FB52B9FAE}.Profile|Win32.Build.0 = Release|Win32
		{C931D760-F4B9-46C2-B9A4-0C4FB52B9FAE}.ProfileE|Win32.ActiveCfg = Release|Win32
		{C931D760-F4B9-46C2-B9A4-0C4FB52B9FAE}.ProfileE|Win32.Build.0 = Release|Win32
		{C931D760-F4B9-46C2-B9A4-0C4FB52B9FAE}.Release|Win32.ActiveCfg = Release|Win32
		{C931D760-F4B9-46C2-B9A4-0C4FB52B9FAE}.Release|Win32.Build.0 = Release|Win32
		{C931D760-F4B9-46C2-B9A4-0C4FB52B9FAE}.Spanish|Win32.ActiveCfg = Release|Win32
		{C931D760-F4B9-46C2-B9A4-0C4FB52B9FAE}.Spanish|Win32.Build.0 = Release|Win32
		{DD820E81-8858-4C23-B922-1C0215960744}.Debug|Win32.ActiveCfg = Debug|Win32
		{DD820E81-8858-4C23-B922-1C0215960744}.Debug|Win32.Build.0 = Debug|Win32
		{DD820E81-8858-4C23-B922-1C0215960744}.DebugE|Win32.ActiveCfg = Debug|Win32
		{DD820E81-8858-4C23-B922-1C0215960744}.DebugE|Win32.Build.0 = Debug|Win32
		{DD820E81-8858-4C23-B922-1C0215960744}.DebugW3D|Win32.ActiveCfg = Debug|Win32
		{DD820E81-8858-4C23-B922-1C0215960744}.DebugW3D|Win32.Build.0 = Debug|Win32
		{DD820E81-8858-4C23-B922-1C0215960744}.French|Win32.ActiveCfg = Debug|Win32
		{DD820E81-8858-4C23-B922-1C0215960744}.French|Win32.Build.0 = Debug|Win32
		{DD820E81-8858-4C23-B922-1C0215960744}.German|Win32.ActiveCfg = Debug|Win32
		{DD820E81-8858-4C23-B922-1C0215960744}.German|Win32.Build.0 = Debug|Win32
		{DD820E81-8858-4C23-B922-1C0215960744}.Hybrid|Win32.ActiveCfg = Debug|Win32
		{DD820E81-8858-4C23-B922-1C0215960744}.Hybrid|Win32.Build.0 = Debug|Win32
		{DD820E81-8858-4C23-B922-1C0215960744}.Internal|Win32.ActiveCfg = Debug|Win32
		{DD820E81-8858-4C23-B922-1C0215960744}.Internal|Win32.Build.0 = Debug|Win32
		{DD820E81-8858-4C23-B922-1C0215960744}.Max4Hybrid|Win32.ActiveCfg = Debug|Win32
		{DD820E81-8858-4C23-B922-1C0215960744}.Max4Hybrid|Win32.Build.0 = Debug|Win32
		{DD820E81-8858-4C23-B922-1C0215960744}.Max4Release|Win32.ActiveCfg = Release|Win32
		{DD820E81-8858-4C23-B922-1C0215960744}.Max4Release|Win32.Build.0 = Release|Win32
		{DD820E81-8858-4C23-B922-1C0215960744}.Profile|Win32.ActiveCfg = Debug|Win32
		{DD820E81-8858-4C23-B922-1C0215960744}.Profile|Win32.Build.0 = Debug|Win32
		{DD820E81-8858-4C23-B922-1C0215960744}.ProfileE|Win32.ActiveCfg = Debug|Win32
		{DD820E81-8858-4C23-B922-1C0215960744}.ProfileE|Win32.Build.0 = Debug|Win32
		{DD820E81-8858-4C23-B922-1C0215960744}.Release|Win32.ActiveCfg = Release|Win32
		{DD820E81-8858-4C23-B922-1C0215960744}.Release|Win32.Build.0 = Release|Win32
		{DD820E81-8858-4C23-B922-1C0215960744}.Spanish|Win32.ActiveCfg = Debug|Win32
		{DD820E81-8858-4C23-B922-1C0215960744}.Spanish|Win32.Build.0 = Debug|Win32
		{49901032-3D38-4C19-BF1C-CCF027405ABC}.Debug|Win32.ActiveCfg = Debug|Win32
		{49901032-3D38-4C19-BF1C-CCF027405ABC}.Debug|Win32.Build.0 = Debug|Win32
		{49901032-3D38-4C19-BF1C-CCF027405ABC}.DebugE|Win32.ActiveCfg = DebugW3D|Win32
		{49901032-3D38-4C19-BF1C-CCF027405ABC}.DebugE|Win32.Build.0 = DebugW3D|Win32
		{49901032-3D38-4C19-BF1C-CCF027405ABC}.DebugW3D|Win32.ActiveCfg = DebugW3D|Win32
		{49901032-3D38-4C19-BF1C-CCF027405ABC}.DebugW3D|Win32.Build.0 = DebugW3D|Win32
		{49901032-3D38-4C19-BF1C-CCF027405ABC}.French|Win32.ActiveCfg = DebugW3D|Win32
		{49901032-3D38-4C19-BF1C-CCF027405ABC}.French|Win32.Build.0 = DebugW3D|Win32
		{49901032-3D38-4C19-BF1C-CCF027405ABC}.German|Win32.ActiveCfg = DebugW3D|Win32
		{49901032-3D38-4C19-BF1C-CCF027405ABC}.German|Win32.Build.0 = DebugW3D|Win32
		{49901032-3D38-4C19-BF1C-CCF027405ABC}.Hybrid|Win32.ActiveCfg = DebugW3D|Win32
		{49901032-3D38-4C19-BF1C-CCF027405ABC}.Hybrid|Win32.Build.0 = DebugW3D|Win32
		{49901032-3D38-4C19-BF1C-CCF027405ABC}.Internal|Win32.ActiveCfg = Internal|Win32
		{49901032-3D38-4C19-BF1C-CCF027405ABC}.Internal|Win32.Build.0 = Internal|Win32
		{49901032-3D38-4C19-BF1C-CCF027405ABC}.Max4Hybrid|Win32.ActiveCfg = DebugW3D|Win32
		{49901032-3D38-4C19-BF1C-CCF027405ABC}.Max4Hybrid|Win32.Build.0 = DebugW3D|Win32
		{49901032-3D38-4C19-BF1C-CCF027405ABC}.Max4Release|Win32.ActiveCfg = Release|Win32
		{49901032-3D38-4C19-BF1C-CCF027405ABC}.Max4Release|Win32.Build.0 = Release|Win32
		{49901032-3D38-4C19-BF1C-CCF027405ABC}.Profile|Win32.ActiveCfg = Profile|Win32
		{49901032-3D38-4C19-BF1C-CCF027405ABC}.Profile|Win32.Build.0 = Profile|Win32
		{49901032-3D38-4C19-BF1C-CCF027405ABC}.ProfileE|Win32.ActiveCfg = Profile|Win32
		{49901032-3D38-4C19-BF1C-CCF027405ABC}.ProfileE|Win32.Build.0 = Profile|Win32
		{49901032-3D38-4C19-BF1C-CCF027405ABC}.Release|Win32.ActiveCfg = Release|Win32
		{49901032-3D38-4C19-BF1C-CCF027405ABC}.Release|Win32.Build.0 = Release|Win32
		{49901032-3D38-4C19-BF1C-CCF027405ABC}.Spanish|Win32.ActiveCfg = DebugW3D|Win32
		{49901032-3D38-4C19-BF1C-CCF027405ABC}.Spanish|Win32.Build.0 = DebugW3D|Win32
		{F015FC81-43DA-40E1-9AE4-D2148703C340}.Debug|Win32.ActiveCfg = Debug|Win32
		{F015FC81-43DA-40E1-9AE4-D2148703C340}.Debug|Win32.Build.0 = Debug|Win32
		{F015FC81-43DA-40E1-9AE4-D2148703C340}.DebugE|Win32.ActiveCfg = Debug|Win32
		{F015FC81-43DA-40E1-9AE4-D2148703C340}.DebugE|Win32.Build.0 = Debug|Win32
		{F015FC81-43DA-40E1-9AE4-D2148703C340}.DebugW3D|Win32.ActiveCfg = Debug|Win32
		{F015FC81-43DA-40E1-9AE4-D2148703C340}.DebugW3D|Win32.Build.0 = Debug|Win32
		{F015FC81-43DA-40E1-9AE4-D2148703C340}.French|Win32.ActiveCfg = Release|Win32
		{F015FC81-43DA-40E1-9AE4-D2148703C340}.French|Win32.Build.0 = Release|Win32
		{F015FC81-43DA-40E1-9AE4-D2148703C340}.German|Win32.ActiveCfg = Release|Win32
		{F015FC81-43DA-40E1-9AE4-D2148703C340}.German|Win32.Build.0 = Release|Win32
		{F015FC81-43DA-40E1-9AE4-D2148703C340}.Hybrid|Win32.ActiveCfg = Release|Win32
		{F015FC81-43DA-40E1-9AE4-D2148703C340}.Hybrid|Win32.Build.0 = Release|Win32
		{F015FC81-43DA-40E1-9AE4-D2148703C340}.Internal|Win32.ActiveCfg = Internal|Win32
		{F015FC81-43DA-40E1-9AE4-D2148703C340}.Internal|Win32.Build.0 = Internal|Win32
		{F015FC81-43DA-40E1-9AE4-D2148703C340}.Max4Hybrid|Win32.ActiveCfg = Release|Win32
		{F015FC81-43DA-40E1-9AE4-D2148703C340}.Max4Hybrid|Win32.Build.0 = Release|Win32
		{F015FC81-43DA-40E1-9AE4-D2148703C340}.Max4Release|Win32.ActiveCfg = Release|Win32
		{F015FC81-43DA-40E1-9AE4-D2148703C340}.Max4Release|Win32.Build.0 = Release|Win32
		{F015FC81-43DA-40E1-9AE4-D2148703C340}.Profile|Win32.ActiveCfg = Release|Win32
		{F015FC81-43DA-40E1-9AE4-D2148703C340}.Profile|Win32.Build.0 = Release|Win32
		{F015FC81-43DA-40E1-9AE4-D2148703C340}.ProfileE|Win32.ActiveCfg = Release|Win32
		{F015FC81-43DA-40E1-9AE4-D2148703C340}.ProfileE|Win32.Build.0 = Release|Win32
		{F015FC81-43DA-40E1-9AE4-D2148703C340}.Release|Win32.ActiveCfg = Release|Win32
		{F015FC81-43DA-40E1-9AE4-D2148703C340}.Release|Win32.Build.0 = Release|Win32
		{F015FC81-43DA-40E1-9AE4-D2148703C340}.Spanish|Win32.ActiveCfg = Release|Win32
		{F015FC81-43DA-40E1-9AE4-D2148703C340}.Spanish|Win32.Build.0 = Release|Win32
		{779C84E8-8746-45A0-B5CF-AC67D7523FE6}.Debug|Win32.ActiveCfg = Debug|Win32
		{779C84E8-8746-45A0-B5CF-AC67D7523FE6}.Debug|Win32.Build.0 = Debug|Win32
		{779C84E8-8746-45A0-B5CF-AC67D7523FE6}.DebugE|Win32.ActiveCfg = Debug|Win32
		{779C84E8-8746-45A0-B5CF-AC67D7523FE6}.DebugE|Win32.Build.0 = Debug|Win32
		{779C84E8-8746-45A0-B5CF-AC67D7523FE6}.DebugW3D|Win32.ActiveCfg = Debug|Win32
		{779C84E8-8746-45A0-B5CF-AC67D7523FE6}.DebugW3D|Win32.Build.0 = Debug|Win32
		{779C84E8-8746-45A0-B5CF-AC67D7523FE6}.French|Win32.ActiveCfg = Release|Win32
		{779C84E8-8746-45A0-B5CF-AC67D7523FE6}.French|Win32.Build.0 = Release|Win32
		{779C84E8-8746-45A0-B5CF-AC67D7523FE6}.German|Win32.ActiveCfg = Release|Win32
		{779C84E8-8746-45A0-B5CF-AC67D7523FE6}.German|Win32.Build.0 = Release|Win32
		{779C84E8-8746-45A0-B5CF-AC67D7523FE6}.Hybrid|Win32.ActiveCfg = Release|Win32
		{779C84E8-8746-45A0-B5CF-AC67D7523FE6}.Hybrid|Win32.Build.0 = Release|Win32
		{779C84E8-8746-45A0-B5CF-AC67D7523FE6}.Internal|Win32.ActiveCfg = Internal|Win32
		{779C84E8-8746-45A0-B5CF-AC67D7523FE6}.Internal|Win32.Build.0 = Internal|Win32
		{779C84E8-8746-45A0-B5CF-AC67D7523FE6}.Max4Hybrid|Win32.ActiveCfg = Release|Win32
		{779C84E8-8746-45A0-B5CF-AC67D7523FE6}.Max4Hybrid|Win32.Build.0 = Release|Win32
		{779C84E8-8746-45A0-B5CF-AC67D7523FE6}.Max4Release|Win32.ActiveCfg = Release|Win32
		{779C84E8-8746-45A0-B5CF-AC67D7523FE6}.Max4Release|Win32.Build.0 = Release|Win32
		{779C84E8-8746-45A0-B5CF-AC67D7523FE6}.Profile|Win32.ActiveCfg = Release|Win32
		{779C84E8-8746-45A0-B5CF-AC67D7523FE6}.Profile|Win32.Build.0 = Release|Win32
		{779C84E8-8746-45A0-B5CF-AC67D7523FE6}.ProfileE|Win32.ActiveCfg = Release|Win32
		{779C84E8-8746-45A0-B5CF-AC67D7523FE6}.ProfileE|Win32.Build.0 = Release|Win32
		{779C84E8-8746-45A0-B5CF-AC67D7523FE6}.Release|Win32.ActiveCfg = Release|Win32
		{779C84E8-8746-45A0-B5CF-AC67D7523FE6}.Release|Win32.Build.0 = Release|Win32
		{779C84E8-8746-45A0-B5CF-AC67D7523FE6}.Spanish|Win32.ActiveCfg = Release|Win32
		{779C84E8-8746-45A0-B5CF-AC67D7523FE6}.Spanish|Win32.Build.0 = Release|Win32
		{B6C390E4-AAA7-4955-AC47-565295BF2504}.Debug|Win32.ActiveCfg = Debug|Win32
		{B6C390E4-AAA7-4955-AC47-565295BF2504}.Debug|Win32.Build.0 = Debug|Win32
		{B6C390E4-AAA7-4955-AC47-565295BF2504}.DebugE|Win32.ActiveCfg = Debug|Win32
		{B6C390E4-AAA7-4955-AC47-565295BF2504}.DebugE|Win32.Build.0 = Debug|Win32
		{B6C390E4-AAA7-4955-AC47-565295BF2504}.DebugW3D|Win32.ActiveCfg = Debug|Win32
		{B6C390E4-AAA7-4955-AC47-565295BF2504}.DebugW3D|Win32.Build.0 = Debug|Win32
		{B6C390E4-AAA7-4955-AC47-565295BF2504}.French|Win32.ActiveCfg = Release|Win32
		{B6C390E4-AAA7-4955-AC47-565295BF2504}.French|Win32.Build.0 = Release|Win32
		{B6C390E4-AAA7-4955-AC47-565295BF2504}.German|Win32.ActiveCfg = Release|Win32
		{B6C390E4-AAA7-4955-AC47-565295BF2504}.German|Win32.Build.0 = Release|Win32
		{B6C390E4-AAA7-4955-AC47-565295BF2504}.Hybrid|Win32.ActiveCfg = Release|Win32
		{B6C390E4-AAA7-4955-AC47-565295BF2504}.Hybrid|Win32.Build.0 = Release|Win32
		{B6C390E4-AAA7-4955-AC47-565295BF2504}.Internal|Win32.ActiveCfg = Release|Win32
		{B6C390E4-AAA7-4955-AC47-565295BF2504}.Internal|Win32.Build.0 = Release|Win32
		{B6C390E4-AAA7-4955-AC47-565295BF2504}.Max4Hybrid|Win32.ActiveCfg = Release|Win32
		{B6C390E4-AAA7-4955-AC47-565295BF2504}.Max4Hybrid|Win32.Build.0 = Release|Win32
		{B6C390E4-AAA7-4955-AC47-565295BF2504}.Max4Release|Win32.ActiveCfg = Release|Win32
		{B6C390E4-AAA7-4955-AC47-565295BF2504}.Max4Release|Win32.Build.0 = Release|Win32
		{B6C390E4-AAA7-4955-AC47-565295BF2504}.Profile|Win32.ActiveCfg = Release|Win32
		{B6C390E4-AAA7-4955-AC47-565295BF2504}.Profile|Win32.Build.0 = Release|Win32
		{B6C390E4-AAA7-4955-AC47-565295BF2504}.ProfileE|Win32.ActiveCfg = Release|Win32
		{B6C390E4-AAA7-4955-AC47-565295BF2504}.ProfileE|Win32.Build.0 = Release|Win32
		{B6C390E4-AAA7-4955-AC47-565295BF2504}.Release|Win32.ActiveCfg = Release|Win32
		{B6C390E4-AAA7-4955-AC47-565295BF2504}.Release|Win32.Build.0 = Release|Win32
		{B6C390E4-AAA7-4955-AC47-565295BF2504}.Spanish|Win32.ActiveCfg = Release|Win32
		{B6C390E4-AAA7-4955-AC47-565295BF2504}.Spanish|Win32.Build.0 = Release|Win32
		{1661958A-73BF-464F-BEFE-E16DCE248312}.Debug|Win32.ActiveCfg = Debug|Win32
		{1661958A-73BF-464F-BEFE-E16DCE248312}.Debug|Win32.Build.0 = Debug|Win32
		{1661958A-73BF-464F-BEFE-E16DCE248312}.DebugE|Win32.ActiveCfg = Debug|Win32
		{1661958A-73BF-464F-BEFE-E16DCE248312}.DebugE|Win32.Build.0 = Debug|Win32
		{1661958A-73BF-464F-BEFE-E16DCE248312}.DebugW3D|Win32.ActiveCfg = Debug|Win32
		{1661958A-73BF-464F-BEFE-E16DCE248312}.DebugW3D|Win32.Build.0 = Debug|Win32
		{1661958A-73BF-464F-BEFE-E16DCE248312}.French|Win32.ActiveCfg = Profile|Win32
		{1661958A-73BF-464F-BEFE-E16DCE248312}.French|Win32.Build.0 = Profile|Win32
		{1661958A-73BF-464F-BEFE-E16DCE248312}.German|Win32.ActiveCfg = Profile|Win32
		{1661958A-73BF-464F-BEFE-E16DCE248312}.German|Win32.Build.0 = Profile|Win32
		{1661958A-73BF-464F-BEFE-E16DCE248312}.Hybrid|Win32.ActiveCfg = Profile|Win32
		{1661958A-73BF-464F-BEFE-E16DCE248312}.Hybrid|Win32.Build.0 = Profile|Win32
		{1661958A-73BF-464F-BEFE-E16DCE248312}.Internal|Win32.ActiveCfg = Internal|Win32
		{1661958A-73BF-464F-BEFE-E16DCE248312}.Internal|Win32.Build.0 = Internal|Win32
		{1661958A-73BF-464F-BEFE-E16DCE248312}.Max4Hybrid|Win32.ActiveCfg = Profile|Win32
		{1661958A-73BF-464F-BEFE-E16DCE248312}.Max4Hybrid|Win32.Build.0 = Profile|Win32
		{1661958A-73BF-464F-BEFE-E16DCE248312}.Max4Release|Win32.ActiveCfg = Release|Win32
		{1661958A-73BF-464F-BEFE-E16DCE248312}.Max4Release|Win32.Build.0 = Release|Win32
		{1661958A-73BF-464F-BEFE-E16DCE248312}.Profile|Win32.ActiveCfg = Profile|Win32
		{1661958A-73BF-464F-BEFE-E16DCE248312}.Profile|Win32.Build.0 = Profile|Win32
		{1661958A-73BF-464F-BEFE-E16DCE248312}.ProfileE|Win32.ActiveCfg = Profile|Win32
		{1661958A-73BF-464F-BEFE-E16DCE248312}.ProfileE|Win32.Build.0 = Profile|Win32
		{1661958A-73BF-464F-BEFE-E16DCE248312}.Release|Win32.ActiveCfg = Release|Win32
		{1661958A-73BF-464F-BEFE-E16DCE248312}.Release|Win32.Build.0 = Release|Win32
		{1661958A-73BF-464F-BEFE-E16DCE248312}.Spanish|Win32.ActiveCfg = Profile|Win32
		{1661958A-73BF-464F-BEFE-E16DCE248312}.Spanish|Win32.Build.0 = Profile|Win32
		{D9A391B1-B2BA-4BFA-82D0-7EA70F7DD5B5}.Debug|Win32.ActiveCfg = Debug|Win32
		{D9A391B1-B2BA-4BFA-82D0-7EA70F7DD5B5}.Debug|Win32.Build.0 = Debug|Win32
		{D9A391B1-B2BA-4BFA-82D0-7EA70F7DD5B5}.DebugE|Win32.ActiveCfg = Debug|Win32
		{D9A391B1-B2BA-4BFA-82D0-7EA70F7DD5B5}.DebugE|Win32.Build.0 = Debug|Win32
		{D9A391B1-B2BA-4BFA-82D0-7EA70F7DD5B5}.DebugW3D|Win32.ActiveCfg = Debug|Win32
		{D9A391B1-B2BA-4BFA-82D0-7EA70F7DD5B5}.DebugW3D|Win32.Build.0 = Debug|Win32
		{D9A391B1-B2BA-4BFA-82D0-7EA70F7DD5B5}.French|Win32.ActiveCfg = French|Win32
		{D9A391B1-B2BA-4BFA-82D0-7EA70F7DD5B5}.French|Win32.Build.0 = French|Win32
		{D9A391B1-B2BA-4BFA-82D0-7EA70F7DD5B5}.German|Win32.ActiveCfg = German|Win32
		{D9A391B1-B2BA-4BFA-82D0-7EA70F7DD5B5}.German|Win32.Build.0 = German|Win32
		{D9A391B1-B2BA-4BFA-82D0-7EA70F7DD5B5}.Hybrid|Win32.ActiveCfg = Spanish|Win32
		{D9A391B1-B2BA-4BFA-82D0-7EA70F7DD5B5}.Hybrid|Win32.Build.0 = Spanish|Win32
		{D9A391B1-B2BA-4BFA-82D0-7EA70F7DD5B5}.Internal|Win32.ActiveCfg = Spanish|Win32
		{D9A391B1-B2BA-4BFA-82D0-7EA70F7DD5B5}.Internal|Win32.Build.0 = Spanish|Win32
		{D9A391B1-B2BA-4BFA-82D0-7EA70F7DD5B5}.Max4Hybrid|Win32.ActiveCfg = Spanish|Win32
		{D9A391B1-B2BA-4BFA-82D0-7EA70F7DD5B5}.Max4Hybrid|Win32.Build.0 = Spanish|Win32
		{D9A391B1-B2BA-4BFA-82D0-7EA70F7DD5B5}.Max4Release|Win32.ActiveCfg = Release|Win32
		{D9A391B1-B2BA-4BFA-82D0-7EA70F7DD5B5}.Max4Release|Win32.Build.0 = Release|Win32
		{D9A391B1-B2BA-4BFA-82D0-7EA70F7DD5B5}.Profile|Win32.ActiveCfg = Spanish|Win32
		{D9A391B1-B2BA-4BFA-82D0-7EA70F7DD5B5}.Profile|Win32.Build.0 = Spanish|Win32
		{D9A391B1-B2BA-4BFA-82D0-7EA70F7DD5B5}.ProfileE|Win32.ActiveCfg = Spanish|Win32
		{D9A391B1-B2BA-4BFA-82D0-7EA70F7DD5B5}.ProfileE|Win32.Build.0 = Spanish|Win32
		{D9A391B1-B2BA-4BFA-82D0-7EA70F7DD5B5}.Release|Win32.ActiveCfg = Release|Win32
		{D9A391B1-B2BA-4BFA-82D0-7EA70F7DD5B5}.Release|Win32.Build.0 = Release|Win32
		{D9A391B1-B2BA-4BFA-82D0-7EA70F7DD5B5}.Spanish|Win32.ActiveCfg = Spanish|Win32
		{D9A391B1-B2BA-4BFA-82D0-7EA70F7DD5B5}.Spanish|Win32.Build.0 = Spanish|Win32
		{CB65A852-E9F2-4B18-875A-335F54882491}.Debug|Win32.ActiveCfg = Debug|Win32
		{CB65A852-E9F2-4B18-875A-335F54882491}.Debug|Win32.Build.0 = Debug|Win32
		{CB65A852-E9F2-4B18-875A-335F54882491}.DebugE|Win32.ActiveCfg = DebugE|Win32
		{CB65A852-E9F2-4B18-875A-335F54882491}.DebugE|Win32.Build.0 = DebugE|Win32
		{CB65A852-E9F2-4B18-875A-335F54882491}.DebugW3D|Win32.ActiveCfg = DebugW3D|Win32
		{CB65A852-E9F2-4B18-875A-335F54882491}.DebugW3D|Win32.Build.0 = DebugW3D|Win32
		{CB65A852-E9F2-4B18-875A-335F54882491}.French|Win32.ActiveCfg = Release|Win32
		{CB65A852-E9F2-4B18-875A-335F54882491}.French|Win32.Build.0 = Release|Win32
		{CB65A852-E9F2-4B18-875A-335F54882491}.German|Win32.ActiveCfg = Release|Win32
		{CB65A852-E9F2-4B18-875A-335F54882491}.German|Win32.Build.0 = Release|Win32
		{CB65A852-E9F2-4B18-875A-335F54882491}.Hybrid|Win32.ActiveCfg = Release|Win32
		{CB65A852-E9F2-4B18-875A-335F54882491}.Hybrid|Win32.Build.0 = Release|Win32
		{CB65A852-E9F2-4B18-875A-335F54882491}.Internal|Win32.ActiveCfg = Internal|Win32
		{CB65A852-E9F2-4B18-875A-335F54882491}.Internal|Win32.Build.0 = Internal|Win32
		{CB65A852-E9F2-4B18-875A-335F54882491}.Max4Hybrid|Win32.ActiveCfg = Release|Win32
		{CB65A852-E9F2-4B18-875A-335F54882491}.Max4Hybrid|Win32.Build.0 = Release|Win32
		{CB65A852-E9F2-4B18-875A-335F54882491}.Max4Release|Win32.ActiveCfg = Release|Win32
		{CB65A852-E9F2-4B18-875A-335F54882491}.Max4Release|Win32.Build.0 = Release|Win32
		{CB65A852-E9F2-4B18-875A-335F54882491}.Profile|Win32.ActiveCfg = Profile|Win32
		{CB65A852-E9F2-4B18-875A-335F54882491}.Profile|Win32.Build.0 = Profile|Win32
		{CB65A852-E9F2-4B18-875A-335F54882491}.ProfileE|Win32.ActiveCfg = ProfileE|Win32
		{CB65A852-E9F2-4B18-875A-335F54882491}.ProfileE|Win32.Build.0 = ProfileE|Win32
		{CB65A852-E9F2-4B18-875A-335F54882491}.Release|Win32.ActiveCfg = Release|Win32
		{CB65A852-E9F2-4B18-875A-335F54882491}.Release|Win32.Build.0 = Release|Win32
		{CB65A852-E9F2-4B18-875A-335F54882491}.Spanish|Win32.ActiveCfg = Release|Win32
		{CB65A852-E9F2-4B18-875A-335F54882491}.Spanish|Win32.Build.0 = Release|Win32
		{D41F55CB-7A5C-455D-8BFB-103347C4D632}.Debug|Win32.ActiveCfg = Debug|Win32
		{D41F55CB-7A5C-455D-8BFB-103347C4D632}.Debug|Win32.Build.0 = Debug|Win32
		{D41F55CB-7A5C-455D-8BFB-103347C4D632}.DebugE|Win32.ActiveCfg = Debug|Win32
		{D41F55CB-7A5C-455D-8BFB-103347C4D632}.DebugE|Win32.Build.0 = Debug|Win32
		{D41F55CB-7A5C-455D-8BFB-103347C4D632}.DebugW3D|Win32.ActiveCfg = DebugW3D|Win32
		{D41F55CB-7A5C-455D-8BFB-103347C4D632}.DebugW3D|Win32.Build.0 = DebugW3D|Win32
		{D41F55CB-7A5C-455D-8BFB-103347C4D632}.French|Win32.ActiveCfg = Debug|Win32
		{D41F55CB-7A5C-455D-8BFB-103347C4D632}.French|Win32.Build.0 = Debug|Win32
		{D41F55CB-7A5C-455D-8BFB-103347C4D632}.German|Win32.ActiveCfg = Debug|Win32
		{D41F55CB-7A5C-455D-8BFB-103347C4D632}.German|Win32.Build.0 = Debug|Win32
		{D41F55CB-7A5C-455D-8BFB-103347C4D632}.Hybrid|Win32.ActiveCfg = Debug|Win32
		{D41F55CB-7A5C-455D-8BFB-103347C4D632}.Hybrid|Win32.Build.0 = Debug|Win32
		{D41F55CB-7A5C-455D-8BFB-103347C4D632}.Internal|Win32.ActiveCfg = Internal|Win32
		{D41F55CB-7A5C-455D-8BFB-103347C4D632}.Internal|Win32.Build.0 = Internal|Win32
		{D41F55CB-7A5C-455D-8BFB-103347C4D632}.Max4Hybrid|Win32.ActiveCfg = Debug|Win32
		{D41F55CB-7A5C-455D-8BFB-103347C4D632}.Max4Hybrid|Win32.Build.0 = Debug|Win32
		{D41F55CB-7A5C-455D-8BFB-103347C4D632}.Max4Release|Win32.ActiveCfg = Release|Win32
		{D41F55CB-7A5C-455D-8BFB-103347C4D632}.Max4Release|Win32.Build.0 = Release|Win32
		{D41F55CB-7A5C-455D-8BFB-103347C4D632}.Profile|Win32.ActiveCfg = Profile|Win32
		{D41F55CB-7A5C-455D-8BFB-103347C4D632}.Profile|Win32.Build.0 = Profile|Win32
		{D41F55CB-7A5C-455D-8BFB-103347C4D632}.ProfileE|Win32.ActiveCfg = Profile|Win32
		{D41F55CB-7A5C-455D-8BFB-103347C4D632}.ProfileE|Win32.Build.0 = Profile|Win32
		{D41F55CB-7A5C-455D-8BFB-103347C4D632}.Release|Win32.ActiveCfg = Release|Win32
		{D41F55CB-7A5C-455D-8BFB-103347C4D632}.Release|Win32.Build.0 = Release|Win32
		{D41F55CB-7A5C-455D-8BFB-103347C4D632}.Spanish|Win32.ActiveCfg = Debug|Win32
		{D41F55CB-7A5C-455D-8BFB-103347C4D632}.Spanish|Win32.Build.0 = Debug|Win32
		{763FCCC9-5EA9-4816-A918-69E778DC434F}.Debug|Win32.ActiveCfg = Debug|Win32
		{763FCCC9-5EA9-4816-A918-69E778DC434F}.Debug|Win32.Build.0 = Debug|Win32
		{763FCCC9-5EA9-4816-A918-69E778DC434F}.DebugE|Win32.ActiveCfg = Debug|Win32
		{763FCCC9-5EA9-4816-A918-69E778DC434F}.DebugE|Win32.Build.0 = Debug|Win32
		{763FCCC9-5EA9-4816-A918-69E778DC434F}.DebugW3D|Win32.ActiveCfg = DebugW3D|Win32
		{763FCCC9-5EA9-4816-A918-69E778DC434F}.DebugW3D|Win32.Build.0 = DebugW3D|Win32
		{763FCCC9-5EA9-4816-A918-69E778DC434F}.French|Win32.ActiveCfg = Profile|Win32
		{763FCCC9-5EA9-4816-A918-69E778DC434F}.French|Win32.Build.0 = Profile|Win32
		{763FCCC9-5EA9-4816-A918-69E778DC434F}.German|Win32.ActiveCfg = Profile|Win32
		{763FCCC9-5EA9-4816-A918-69E778DC434F}.German|Win32.Build.0 = Profile|Win32
		{763FCCC9-5EA9-4816-A918-69E778DC434F}.Hybrid|Win32.ActiveCfg = Profile|Win32
		{763FCCC9-5EA9-4816-A918-69E778DC434F}.Hybrid|Win32.Build.0 = Profile|Win32
		{763FCCC9-5EA9-4816-A918-69E778DC434F}.Internal|Win32.ActiveCfg = Internal|Win32
		{763FCCC9-5EA9-4816-A918-69E778DC434F}.Internal|Win32.Build.0 = Internal|Win32
		{763FCCC9-5EA9-4816-A918-69E778DC434F}.Max4Hybrid|Win32.ActiveCfg = Profile|Win32
		{763FCCC9-5EA9-4816-A918-69E778DC434F}.Max4Hybrid|Win32.Build.0 = Profile|Win32
		{763FCCC9-5EA9-4816-A918-69E778DC434F}.Max4Release|Win32.ActiveCfg = Release|Win32
		{763FCCC9-5EA9-4816-A918-69E778DC434F}.Max4Release|Win32.Build.0 = Release|Win32
		{763FCCC9-5EA9-4816-A918-69E778DC434F}.Profile|Win32.ActiveCfg = Profile|Win32
		{763FCCC9-5EA9-4816-A918-69E778DC434F}.Profile|Win32.Build.0 = Profile|Win32
		{763FCCC9-5EA9-4816-A918-69E778DC434F}.ProfileE|Win32.ActiveCfg = Profile|Win32
		{763FCCC9-5EA9-4816-A918-69E778DC434F}.ProfileE|Win32.Build.0 = Profile|Win32
		{763FCCC9-5EA9-4816-A918-69E778DC434F}.Release|Win32.ActiveCfg = Release|Win32
		{763FCCC9-5EA9-4816-A918-69E778DC434F}.Release|Win32.Build.0 = Release|Win32
		{763FCCC9-5EA9-4816-A918-69E778DC434F}.Spanish|Win32.ActiveCfg = Profile|Win32
		{763FCCC9-5EA9-4816-A918-69E778DC434F}.Spanish|Win32.Build.0 = Profile|Win32
		{35667BC7-755E-4715-B335-E71F3EFF2DB6}.Debug|Win32.ActiveCfg = Debug|Win32
		{35667BC7-755E-4715-B335-E71F3EFF2DB6}.Debug|Win32.Build.0 = Debug|Win32
		{35667BC7-755E-4715-B335-E71F3EFF2DB6}.DebugE|Win32.ActiveCfg = DebugW3D|Win32
		{35667BC7-755E-4715-B335-E71F3EFF2DB6}.DebugE|Win32.Build.0 = DebugW3D|Win32
		{35667BC7-755E-4715-B335-E71F3EFF2DB6}.DebugW3D|Win32.ActiveCfg = DebugW3D|Win32
		{35667BC7-755E-4715-B335-E71F3EFF2DB6}.DebugW3D|Win32.Build.0 = DebugW3D|Win32
		{35667BC7-755E-4715-B335-E71F3EFF2DB6}.French|Win32.ActiveCfg = Profile|Win32
		{35667BC7-755E-4715-B335-E71F3EFF2DB6}.French|Win32.Build.0 = Profile|Win32
		{35667BC7-755E-4715-B335-E71F3EFF2DB6}.German|Win32.ActiveCfg = Profile|Win32
		{35667BC7-755E-4715-B335-E71F3EFF2DB6}.German|Win32.Build.0 = Profile|Win32
		{35667BC7-755E-4715-B335-E71F3EFF2DB6}.Hybrid|Win32.ActiveCfg = Profile|Win32
		{35667BC7-755E-4715-B335-E71F3EFF2DB6}.Hybrid|Win32.Build.0 = Profile|Win32
		{35667BC7-755E-4715-B335-E71F3EFF2DB6}.Internal|Win32.ActiveCfg = Internal|Win32
		{35667BC7-755E-4715-B335-E71F3EFF2DB6}.Internal|Win32.Build.0 = Internal|Win32
		{35667BC7-755E-4715-B335-E71F3EFF2DB6}.Max4Hybrid|Win32.ActiveCfg = Profile|Win32
		{35667BC7-755E-4715-B335-E71F3EFF2DB6}.Max4Hybrid|Win32.Build.0 = Profile|Win32
		{35667BC7-755E-4715-B335-E71F3EFF2DB6}.Max4Release|Win32.ActiveCfg = Release|Win32
		{35667BC7-755E-4715-B335-E71F3EFF2DB6}.Max4Release|Win32.Build.0 = Release|Win32
		{35667BC7-755E-4715-B335-E71F3EFF2DB6}.Profile|Win32.ActiveCfg = Profile|Win32
		{35667BC7-755E-4715-B335-E71F3EFF2DB6}.Profile|Win32.Build.0 = Profile|Win32
		{35667BC7-755E-4715-B335-E71F3EFF2DB6}.ProfileE|Win32.ActiveCfg = Profile|Win32
		{35667BC7-755E-4715-B335-E71F3EFF2DB6}.ProfileE|Win32.Build.0 = Profile|Win32
		{35667BC7-755E-4715-B335-E71F3EFF2DB6}.Release|Win32.ActiveCfg = Release|Win32
		{35667BC7-755E-4715-B335-E71F3EFF2DB6}.Release|Win32.Build.0 = Release|Win32
		{35667BC7-755E-4715-B335-E71F3EFF2DB6}.Spanish|Win32.ActiveCfg = Profile|Win32
		{35667BC7-755E-4715-B335-E71F3EFF2DB6}.Spanish|Win32.Build.0 = Profile|Win32
		{B0DC42B9-E0A8-40E1-9F6B-C9B3E7DCA77D}.Debug|Win32.ActiveCfg = Debug|Win32
		{B0DC42B9-E0A8-40E1-9F6B-C9B3E7DCA77D}.Debug|Win32.Build.0 = Debug|Win32
		{B0DC42B9-E0A8-40E1-9F6B-C9B3E7DCA77D}.DebugE|Win32.ActiveCfg = DebugE|Win32
		{B0DC42B9-E0A8-40E1-9F6B-C9B3E7DCA77D}.DebugE|Win32.Build.0 = DebugE|Win32
		{B0DC42B9-E0A8-40E1-9F6B-C9B3E7DCA77D}.DebugW3D|Win32.ActiveCfg = DebugW3D|Win32
		{B0DC42B9-E0A8-40E1-9F6B-C9B3E7DCA77D}.DebugW3D|Win32.Build.0 = DebugW3D|Win32
		{B0DC42B9-E0A8-40E1-9F6B-C9B3E7DCA77D}.French|Win32.ActiveCfg = Debug|Win32
		{B0DC42B9-E0A8-40E1-9F6B-C9B3E7DCA77D}.French|Win32.Build.0 = Debug|Win32
		{B0DC42B9-E0A8-40E1-9F6B-C9B3E7DCA77D}.German|Win32.ActiveCfg = Debug|Win32
		{B0DC42B9-E0A8-40E1-9F6B-C9B3E7DCA77D}.German|Win32.Build.0 = Debug|Win32
		{B0DC42B9-E0A8-40E1-9F6B-C9B3E7DCA77D}.Hybrid|Win32.ActiveCfg = Debug|Win32
		{B0DC42B9-E0A8-40E1-9F6B-C9B3E7DCA77D}.Hybrid|Win32.Build.0 = Debug|Win32
		{B0DC42B9-E0A8-40E1-9F6B-C9B3E7DCA77D}.Internal|Win32.ActiveCfg = Internal|Win32
		{B0DC42B9-E0A8-40E1-9F6B-C9B3E7DCA77D}.Internal|Win32.Build.0 = Internal|Win32
		{B0DC42B9-E0A8-40E1-9F6B-C9B3E7DCA77D}.Max4Hybrid|Win32.ActiveCfg = Debug|Win32
		{B0DC42B9-E0A8-40E1-9F6B-C9B3E7DCA77D}.Max4Hybrid|Win32.Build.0 = Debug|Win32
		{B0DC42B9-E0A8-40E1-9F6B-C9B3E7DCA77D}.Max4Release|Win32.ActiveCfg = Release|Win32
		{B0DC42B9-E0A8-40E1-9F6B-C9B3E7DCA77D}.Max4Release|Win32.Build.0 = Release|Win32
		{B0DC42B9-E0A8-40E1-9F6B-C9B3E7DCA77D}.Profile|Win32.ActiveCfg = Profile|Win32
		{B0DC42B9-E0A8-40E1-9F6B-C9B3E7DCA77D}.Profile|Win32.Build.0 = Profile|Win32
		{B0DC42B9-E0A8-40E1-9F6B-C9B3E7DCA77D}.ProfileE|Win32.ActiveCfg = ProfileE|Win32
		{B0DC42B9-E0A8-40E1-9F6B-C9B3E7DCA77D}.ProfileE|Win32.Build.0 = ProfileE|Win32
		{B0DC42B9-E0A8-40E1-9F6B-C9B3E7DCA77D}.Release|Win32.ActiveCfg = Release|Win32
		{B0DC42B9-E0A8-40E1-9F6B-C9B3E7DCA77D}.Release|Win32.Build.0 = Release|Win32
		{B0DC42B9-E0A8-40E1-9F6B-C9B3E7DCA77D}.Spanish|Win32.ActiveCfg = Debug|Win32
		{B0DC42B9-E0A8-40E1-9F6B-C9B3E7DCA77D}.Spanish|Win32.Build.0 = Debug|Win32
		{D6E9F721-C6C3-4E47-A18E-2F43AC046465}.Debug|Win32.ActiveCfg = Debug|Win32
		{D6E9F721-C6C3-4E47-A18E-2F43AC046465}.Debug|Win32.Build.0 = Debug|Win32
		{D6E9F721-C6C3-4E47-A18E-2F43AC046465}.DebugE|Win32.ActiveCfg = DebugW3D|Win32
		{D6E9F721-C6C3-4E47-A18E-2F43AC046465}.DebugE|Win32.Build.0 = DebugW3D|Win32
		{D6E9F721-C6C3-4E47-A18E-2F43AC046465}.DebugW3D|Win32.ActiveCfg = DebugW3D|Win32
		{D6E9F721-C6C3-4E47-A18E-2F43AC046465}.DebugW3D|Win32.Build.0 = DebugW3D|Win32
		{D6E9F721-C6C3-4E47-A18E-2F43AC046465}.French|Win32.ActiveCfg = Profile|Win32
		{D6E9F721-C6C3-4E47-A18E-2F43AC046465}.French|Win32.Build.0 = Profile|Win32
		{D6E9F721-C6C3-4E47-A18E-2F43AC046465}.German|Win32.ActiveCfg = Profile|Win32
		{D6E9F721-C6C3-4E47-A18E-2F43AC046465}.German|Win32.Build.0 = Profile|Win32
		{D6E9F721-C6C3-4E47-A18E-2F43AC046465}.Hybrid|Win32.ActiveCfg = Profile|Win32
		{D6E9F721-C6C3-4E47-A18E-2F43AC046465}.Hybrid|Win32.Build.0 = Profile|Win32
		{D6E9F721-C6C3-4E47-A18E-2F43AC046465}.Internal|Win32.ActiveCfg = Internal|Win32
		{D6E9F721-C6C3-4E47-A18E-2F43AC046465}.Internal|Win32.Build.0 = Internal|Win32
		{D6E9F721-C6C3-4E47-A18E-2F43AC046465}.Max4Hybrid|Win32.ActiveCfg = Profile|Win32
		{D6E9F721-C6C3-4E47-A18E-2F43AC046465}.Max4Hybrid|Win32.Build.0 = Profile|Win32
		{D6E9F721-C6C3-4E47-A18E-2F43AC046465}.Max4Release|Win32.ActiveCfg = Release|Win32
		{D6E9F721-C6C3-4E47-A18E-2F43AC046465}.Max4Release|Win32.Build.0 = Release|Win32
		{D6E9F721-C6C3-4E47-A18E-2F43AC046465}.Profile|Win32.ActiveCfg = Profile|Win32
		{D6E9F721-C6C3-4E47-A18E-2F43AC046465}.Profile|Win32.Build.0 = Profile|Win32
		{D6E9F721-C6C3-4E47-A18E-2F43AC046465}.ProfileE|Win32.ActiveCfg = Profile|Win32
		{D6E9F721-C6C3-4E47-A18E-2F43AC046465}.ProfileE|Win32.Build.0 = Profile|Win32
		{D6E9F721-C6C3-4E47-A18E-2F43AC046465}.Release|Win32.ActiveCfg = Release|Win32
		{D6E9F721-C6C3-4E47-A18E-2F43AC046465}.Release|Win32.Build.0 = Release|Win32
		{D6E9F721-C6C3-4E47-A18E-2F43AC046465}.Spanish|Win32.ActiveCfg = Profile|Win32
		{D6E9F721-C6C3-4E47-A18E-2F43AC046465}.Spanish|Win32.Build.0 = Profile|Win32
		{7EE4D2E5-056C-42A6-BEB1-7E68CC44C20F}.Debug|Win32.ActiveCfg = Debug|Win32
		{7EE4D2E5-056C-42A6-BEB1-7E68CC44C20F}.Debug|Win32.Build.0 = Debug|Win32
		{7EE4D2E5-056C-42A6-BEB1-7E68CC44C20F}.DebugE|Win32.ActiveCfg = Debug|Win32
		{7EE4D2E5-056C-42A6-BEB1-7E68CC44C20F}.DebugE|Win32.Build.0 = Debug|Win32
		{7EE4D2E5-056C-42A6-BEB1-7E68CC44C20F}.DebugW3D|Win32.ActiveCfg = Debug|Win32
		{7EE4D2E5-056C-42A6-BEB1-7E68CC44C20F}.DebugW3D|Win32.Build.0 = Debug|Win32
		{7EE4D2E5-056C-42A6-BEB1-7E68CC44C20F}.French|Win32.ActiveCfg = Release|Win32
		{7EE4D2E5-056C-42A6-BEB1-7E68CC44C20F}.French|Win32.Build.0 = Release|Win32
		{7EE4D2E5-056C-42A6-BEB1-7E68CC44C20F}.German|Win32.ActiveCfg = Release|Win32
		{7EE4D2E5-056C-42A6-BEB1-7E68CC44C20F}.German|Win32.Build.0 = Release|Win32
		{7EE4D2E5-056C-42A6-BEB1-7E68CC44C20F}.Hybrid|Win32.ActiveCfg = Release|Win32
		{7EE4D2E5-056C-42A6-BEB1-7E68CC44C20F}.Hybrid|Win32.Build.0 = Release|Win32
		{7EE4D2E5-056C-42A6-BEB1-7E68CC44C20F}.Internal|Win32.ActiveCfg = Release|Win32
		{7EE4D2E5-056C-42A6-BEB1-7E68CC44C20F}.Internal|Win32.Build.0 = Release|Win32
		{7EE4D2E5-056C-42A6-BEB1-7E68CC44C20F}.Max4Hybrid|Win32.ActiveCfg = Release|Win32
		{7EE4D2E5-056C-42A6-BEB1-7E68CC44C20F}.Max4Hybrid|Win32.Build.0 = Release|Win32
		{7EE4D2E5-056C-42A6-BEB1-7E68CC44C20F}.Max4Release|Win32.ActiveCfg = Release|Win32
		{7EE4D2E5-056C-42A6-BEB1-7E68CC44C20F}.Max4Release|Win32.Build.0 = Release|Win32
		{7EE4D2E5-056C-42A6-BEB1-7E68CC44C20F}.Profile|Win32.ActiveCfg = Release|Win32
		{7EE4D2E5-056C-42A6-BEB1-7E68CC44C20F}.Profile|Win32.Build.0 = Release|Win32
		{7EE4D2E5-056C-42A6-BEB1-7E68CC44C20F}.ProfileE|Win32.ActiveCfg = Release|Win32
		{7EE4D2E5-056C-42A6-BEB1-7E68CC44C20F}.ProfileE|Win32.Build.0 = Release|Win32
		{7EE4D2E5-056C-42A6-BEB1-7E68CC44C20F}.Release|Win32.ActiveCfg = Release|Win32
		{7EE4D2E5-056C-42A6-BEB1-7E68CC44C20F}.Release|Win32.Build.0 = Release|Win32
		{7EE4D2E5-056C-42A6-BEB1-7E68CC44C20F}.Spanish|Win32.ActiveCfg = Release|Win32
		{7EE4D2E5-056C-42A6-BEB1-7E68CC44C20F}.Spanish|Win32.Build.0 = Release|Win32
		{031B222D-B002-4DDD-8CFE-29109B579ED0}.Debug|Win32.ActiveCfg = Debug|Win32
		{031B222D-B002-4DDD-8CFE-29109B579ED0}.Debug|Win32.Build.0 = Debug|Win32
		{031B222D-B002-4DDD-8CFE-29109B579ED0}.DebugE|Win32.ActiveCfg = Debug|Win32
		{031B222D-B002-4DDD-8CFE-29109B579ED0}.DebugE|Win32.Build.0 = Debug|Win32
		{031B222D-B002-4DDD-8CFE-29109B579ED0}.DebugW3D|Win32.ActiveCfg = Debug|Win32
		{031B222D-B002-4DDD-8CFE-29109B579ED0}.DebugW3D|Win32.Build.0 = Debug|Win32
		{031B222D-B002-4DDD-8CFE-29109B579ED0}.French|Win32.ActiveCfg = Max4Hybrid|Win32
		{031B222D-B002-4DDD-8CFE-29109B579ED0}.French|Win32.Build.0 = Max4Hybrid|Win32
		{031B222D-B002-4DDD-8CFE-29109B579ED0}.German|Win32.ActiveCfg = Max4Hybrid|Win32
		{031B222D-B002-4DDD-8CFE-29109B579ED0}.German|Win32.Build.0 = Max4Hybrid|Win32
		{031B222D-B002-4DDD-8CFE-29109B579ED0}.Hybrid|Win32.ActiveCfg = Hybrid|Win32
		{031B222D-B002-4DDD-8CFE-29109B579ED0}.Hybrid|Win32.Build.0 = Hybrid|Win32
		{031B222D-B002-4DDD-8CFE-29109B579ED0}.Internal|Win32.ActiveCfg = Max4Hybrid|Win32
		{031B222D-B002-4DDD-8CFE-29109B579ED0}.Internal|Win32.Build.0 = Max4Hybrid|Win32
		{031B222D-B002-4DDD-8CFE-29109B579ED0}.Max4Hybrid|Win32.ActiveCfg = Max4Hybrid|Win32
		{031B222D-B002-4DDD-8CFE-29109B579ED0}.Max4Hybrid|Win32.Build.0 = Max4Hybrid|Win32
		{031B222D-B002-4DDD-8CFE-29109B579ED0}.Max4Release|Win32.ActiveCfg = Max4Release|Win32
		{031B222D-B002-4DDD-8CFE-29109B579ED0}.Max4Release|Win32.Build.0 = Max4Release|Win32
		{031B222D-B002-4DDD-8CFE-29109B579ED0}.Profile|Win32.ActiveCfg = Max4Hybrid|Win32
		{031B222D-B002-4DDD-8CFE-29109B579ED0}.Profile|Win32.Build.0 = Max4Hybrid|Win32
		{031B222D-B002-4DDD-8CFE-29109B579ED0}.ProfileE|Win32.ActiveCfg = Max4Hybrid|Win32
		{031B222D-B002-4DDD-8CFE-29109B579ED0}.ProfileE|Win32.Build.0 = Max4Hybrid|Win32
		{031B222D-B002-4DDD-8CFE-29109B579ED0}.Release|Win32.ActiveCfg = Release|Win32
		{031B222D-B002-4DDD-8CFE-29109B579ED0}.Release|Win32.Build.0 = Release|Win32
		{031B222D-B002-4DDD-8CFE-29109B579ED0}.Spanish|Win32.ActiveCfg = Max4Hybrid|Win32
		{031B222D-B002-4DDD-8CFE-29109B579ED0}.Spanish|Win32.Build.0 = Max4Hybrid|Win32
		{E9C53393-859D-4E25-AF14-198EBC1E67B8}.Debug|Win32.ActiveCfg = Debug|Win32
		{E9C53393-859D-4E25-AF14-198EBC1E67B8}.Debug|Win32.Build.0 = Debug|Win32
		{E9C53393-859D-4E25-AF14-198EBC1E67B8}.DebugE|Win32.ActiveCfg = Debug|Win32
		{E9C53393-859D-4E25-AF14-198EBC1E67B8}.DebugE|Win32.Build.0 = Debug|Win32
		{E9C53393-859D-4E25-AF14-198EBC1E67B8}.DebugW3D|Win32.ActiveCfg = Debug|Win32
		{E9C53393-859D-4E25-AF14-198EBC1E67B8}.DebugW3D|Win32.Build.0 = Debug|Win32
		{E9C53393-859D-4E25-AF14-198EBC1E67B8}.French|Win32.ActiveCfg = Release|Win32
		{E9C53393-859D-4E25-AF14-198EBC1E67B8}.French|Win32.Build.0 = Release|Win32
		{E9C53393-859D-4E25-AF14-198EBC1E67B8}.German|Win32.ActiveCfg = Release|Win32
		{E9C53393-859D-4E25-AF14-198EBC1E67B8}.German|Win32.Build.0 = Release|Win32
		{E9C53393-859D-4E25-AF14-198EBC1E67B8}.Hybrid|Win32.ActiveCfg = Hybrid|Win32
		{E9C53393-859D-4E25-AF14-198EBC1E67B8}.Hybrid|Win32.Build.0 = Hybrid|Win32
		{E9C53393-859D-4E25-AF14-198EBC1E67B8}.Internal|Win32.ActiveCfg = Release|Win32
		{E9C53393-859D-4E25-AF14-198EBC1E67B8}.Internal|Win32.Build.0 = Release|Win32
		{E9C53393-859D-4E25-AF14-198EBC1E67B8}.Max4Hybrid|Win32.ActiveCfg = Hybrid|Win32
		{E9C53393-859D-4E25-AF14-198EBC1E67B8}.Max4Hybrid|Win32.Build.0 = Hybrid|Win32
		{E9C53393-859D-4E25-AF14-198EBC1E67B8}.Max4Release|Win32.ActiveCfg = Release|Win32
		{E9C53393-859D-4E25-AF14-198EBC1E67B8}.Max4Release|Win32.Build.0 = Release|Win32
		{E9C53393-859D-4E25-AF14-198EBC1E67B8}.Profile|Win32.ActiveCfg = Release|Win32
		{E9C53393-859D-4E25-AF14-198EBC1E67B8}.Profile|Win32.Build.0 = Release|Win32
		{E9C53393-859D-4E25-AF14-198EBC1E67B8}.ProfileE|Win32.ActiveCfg = Release|Win32
		{E9C53393-859D-4E25-AF14-198EBC1E67B8}.ProfileE|Win32.Build.0 = Release|Win32
		{E9C53393-859D-4E25-AF14-198EBC1E67B8}.Release|Win32.ActiveCfg = Release|Win32
		{E9C53393-859D-4E25-AF14-198EBC1E67B8}.Release|Win32.Build.0 = Release|Win32
		{E9C53393-859D-4E25-AF14-198EBC1E67B8}.Spanish|Win32.ActiveCfg = Release|Win32
		{E9C53393-859D-4E25-AF14-198EBC1E67B8}.Spanish|Win32.Build.0 = Release|Win32
		{CA938EB6-B3F2-456A-94A3-6AB144E57408}.Debug|Win32.ActiveCfg = Debug|Win32
		{CA938EB6-B3F2-456A-94A3-6AB144E57408}.Debug|Win32.Build.0 = Debug|Win32
		{CA938EB6-B3F2-456A-94A3-6AB144E57408}.DebugE|Win32.ActiveCfg = Debug|Win32
		{CA938EB6-B3F2-456A-94A3-6AB144E57408}.DebugE|Win32.Build.0 = Debug|Win32
		{CA938EB6-B3F2-456A-94A3-6AB144E57408}.DebugW3D|Win32.ActiveCfg = Debug|Win32
		{CA938EB6-B3F2-456A-94A3-6AB144E57408}.DebugW3D|Win32.Build.0 = Debug|Win32
		{CA938EB6-B3F2-456A-94A3-6AB144E57408}.French|Win32.ActiveCfg = Release|Win32
		{CA938EB6-B3F2-456A-94A3-6AB144E57408}.French|Win32.Build.0 = Release|Win32
		{CA938EB6-B3F2-456A-94A3-6AB144E57408}.German|Win32.ActiveCfg = Debug|Win32
		{CA938EB6-B3F2-456A-94A3-6AB144E57408}.German|Win32.Build.0 = Debug|Win32
		{CA938EB6-B3F2-456A-94A3-6AB144E57408}.Hybrid|Win32.ActiveCfg = Release|Win32
		{CA938EB6-B3F2-456A-94A3-6AB144E57408}.Hybrid|Win32.Build.0 = Release|Win32
		{CA938EB6-B3F2-456A-94A3-6AB144E57408}.Internal|Win32.ActiveCfg = Debug|Win32
		{CA938EB6-B3F2-456A-94A3-6AB144E57408}.Internal|Win32.Build.0 = Debug|Win32
		{CA938EB6-B3F2-456A-94A3-6AB144E57408}.Max4Hybrid|Win32.ActiveCfg = Release|Win32
		{CA938EB6-B3F2-456A-94A3-6AB144E57408}.Max4Hybrid|Win32.Build.0 = Release|Win32
		{CA938EB6-B3F2-456A-94A3-6AB144E57408}.Max4Release|Win32.ActiveCfg = Release|Win32
		{CA938EB6-B3F2-456A-94A3-6AB144E57408}.Max4Release|Win32.Build.0 = Release|Win32
		{CA938EB6-B3F2-456A-94A3-6AB144E57408}.Profile|Win32.ActiveCfg = Release|Win32
		{CA938EB6-B3F2-456A-94A3-6AB144E57408}.Profile|Win32.Build.0 = Release|Win32
		{CA938EB6-B3F2-456A-94A3-6AB144E57408}.ProfileE|Win32.ActiveCfg = Release|Win32
		{CA938EB6-B3F2-456A-94A3-6AB144E57408}.ProfileE|Win32.Build.0 = Release|Win32
		{CA938EB6-B3F2-456A-94A3-6AB144E57408}.Release|Win32.ActiveCfg = Release|Win32
		{CA938EB6-B3F2-456A-94A3-6AB144E57408}.Release|Win32.Build.0 = Release|Win32
		{CA938EB6-B3F2-456A-94A3-6AB144E57408}.Spanish|Win32.ActiveCfg = Debug|Win32
		{CA938EB6-B3F2-456A-94A3-6AB144E57408}.Spanish|Win32.Build.0 = Debug|Win32
		{845363AF-8D9B-464C-80FA-C2FEF7A71C68}.Debug|Win32.ActiveCfg = Debug|Win32
		{845363AF-8D9B-464C-80FA-C2FEF7A71C68}.Debug|Win32.Build.0 = Debug|Win32
		{845363AF-8D9B-464C-80FA-C2FEF7A71C68}.DebugE|Win32.ActiveCfg = Internal|Win32
		{845363AF-8D9B-464C-80FA-C2FEF7A71C68}.DebugE|Win32.Build.0 = Internal|Win32
		{845363AF-8D9B-464C-80FA-C2FEF7A71C68}.DebugW3D|Win32.ActiveCfg = Internal|Win32
		{845363AF-8D9B-464C-80FA-C2FEF7A71C68}.DebugW3D|Win32.Build.0 = Internal|Win32
		{845363AF-8D9B-464C-80FA-C2FEF7A71C68}.French|Win32.ActiveCfg = Release|Win32
		{845363AF-8D9B-464C-80FA-C2FEF7A71C68}.French|Win32.Build.0 = Release|Win32
		{845363AF-8D9B-464C-80FA-C2FEF7A71C68}.German|Win32.ActiveCfg = Internal|Win32
		{845363AF-8D9B-464C-80FA-C2FEF7A71C68}.German|Win32.Build.0 = Internal|Win32
		{845363AF-8D9B-464C-80FA-C2FEF7A71C68}.Hybrid|Win32.ActiveCfg = Release|Win32
		{845363AF-8D9B-464C-80FA-C2FEF7A71C68}.Hybrid|Win32.Build.0 = Release|Win32
		{845363AF-8D9B-464C-80FA-C2FEF7A71C68}.Internal|Win32.ActiveCfg = Internal|Win32
		{845363AF-8D9B-464C-80FA-C2FEF7A71C68}.Internal|Win32.Build.0 = Internal|Win32
		{845363AF-8D9B-464C-80FA-C2FEF7A71C68}.Max4Hybrid|Win32.ActiveCfg = Internal|Win32
		{845363AF-8D9B-464C-80FA-C2FEF7A71C68}.Max4Hybrid|Win32.Build.0 = Internal|Win32
		{845363AF-8D9B-464C-80FA-C2FEF7A71C68}.Max4Release|Win32.ActiveCfg = Release|Win32
		{845363AF-8D9B-464C-80FA-C2FEF7A71C68}.Max4Release|Win32.Build.0 = Release|Win32
		{845363AF-8D9B-464C-80FA-C2FEF7A71C68}.Profile|Win32.ActiveCfg = Internal|Win32
		{845363AF-8D9B-464C-80FA-C2FEF7A71C68}.Profile|Win32.Build.0 = Internal|Win32
		{845363AF-8D9B-464C-80FA-C2FEF7A71C68}.ProfileE|Win32.ActiveCfg = Internal|Win32
		{845363AF-8D9B-464C-80FA-C2FEF7A71C68}.ProfileE|Win32.Build.0 = Internal|Win32
		{845363AF-8D9B-464C-80FA-C2FEF7A71C68}.Release|Win32.ActiveCfg = Release|Win32
		{845363AF-8D9B-464C-80FA-C2FEF7A71C68}.Release|Win32.Build.0 = Release|Win32
		{845363AF-8D9B-464C-80FA-C2FEF7A71C68}.Spanish|Win32.ActiveCfg = Internal|Win32
		{845363AF-8D9B-464C-80FA-C2FEF7A71C68}.Spanish|Win32.Build.0 = Internal|Win32
	EndGlobalSection
	GlobalSection(SolutionProperties) = preSolution
		HideSolutionNode = FALSE
	EndGlobalSection
	GlobalSection(NestedProjects) = preSolution
		{FEBA7EB4-5178-4E83-AF64-EA914C2A5471} = {02EA681E-C7D8-13C7-8484-4AC65E1B71E8}
		{CA2AD7E3-4378-426A-9ED4-53CBDEB4332E} = {02EA681E-C7D8-13C7-8484-4AC65E1B71E8}
		{59D6BB6B-580D-4D04-A332-DE98F0F3AFC4} = {02EA681E-C7D8-13C7-8484-4AC65E1B71E8}
		{49F90300-0954-4A90-81FC-100F72F88E81} = {16556FE7-6A33-4697-8551-36AA9E50A523}
		{B31EDB9C-26F3-4209-AD23-CD365BB44310} = {16556FE7-6A33-4697-8551-36AA9E50A523}
		{14BFABF8-296D-41D7-B060-C85E5310C2A2} = {C3C93DFF-A96A-4E13-9F26-2D2490A17EF1}
		{C931D760-F4B9-46C2-B9A4-0C4FB52B9FAE} = {C3C93DFF-A96A-4E13-9F26-2D2490A17EF1}
		{DD820E81-8858-4C23-B922-1C0215960744} = {02EA681E-C7D8-13C7-8484-4AC65E1B71E8}
		{49901032-3D38-4C19-BF1C-CCF027405ABC} = {044A6BF4-539B-4702-9C0F-E152EEB7F290}
		{F015FC81-43DA-40E1-9AE4-D2148703C340} = {6E683A5B-38B9-4D76-B117-19B8FCBF8EE2}
		{779C84E8-8746-45A0-B5CF-AC67D7523FE6} = {044A6BF4-539B-4702-9C0F-E152EEB7F290}
		{CB65A852-E9F2-4B18-875A-335F54882491} = {6E683A5B-38B9-4D76-B117-19B8FCBF8EE2}
		{D41F55CB-7A5C-455D-8BFB-103347C4D632} = {6E683A5B-38B9-4D76-B117-19B8FCBF8EE2}
		{763FCCC9-5EA9-4816-A918-69E778DC434F} = {6E683A5B-38B9-4D76-B117-19B8FCBF8EE2}
		{35667BC7-755E-4715-B335-E71F3EFF2DB6} = {6E683A5B-38B9-4D76-B117-19B8FCBF8EE2}
		{B0DC42B9-E0A8-40E1-9F6B-C9B3E7DCA77D} = {6E683A5B-38B9-4D76-B117-19B8FCBF8EE2}
		{D6E9F721-C6C3-4E47-A18E-2F43AC046465} = {6E683A5B-38B9-4D76-B117-19B8FCBF8EE2}
		{7EE4D2E5-056C-42A6-BEB1-7E68CC44C20F} = {C3C93DFF-A96A-4E13-9F26-2D2490A17EF1}
		{031B222D-B002-4DDD-8CFE-29109B579ED0} = {C3C93DFF-A96A-4E13-9F26-2D2490A17EF1}
		{E9C53393-859D-4E25-AF14-198EBC1E67B8} = {C3C93DFF-A96A-4E13-9F26-2D2490A17EF1}
		{CA938EB6-B3F2-456A-94A3-6AB144E57408} = {02EA681E-C7D8-13C7-8484-4AC65E1B71E8}
		{845363AF-8D9B-464C-80FA-C2FEF7A71C68} = {16556FE7-6A33-4697-8551-36AA9E50A523}
	EndGlobalSection
	GlobalSection(ExtensibilityGlobals) = postSolution
		SolutionGuid = {11C9D9D0-86AF-4987-80EA-3BF712F2E9F0}
	EndGlobalSection
EndGlobal
