<?xml version="1.0" encoding="utf-8"?>
<Project ToolsVersion="4.0" xmlns="http://schemas.microsoft.com/developer/msbuild/2003">
  <ItemGroup>
    <Filter Include="Source Files">
      <UniqueIdentifier>{d99e0de0-c533-4ffc-96d4-35ca48e401a1}</UniqueIdentifier>
      <Extensions>cpp;c;cxx;rc;def;r;odl;idl;hpj;bat</Extensions>
    </Filter>
    <Filter Include="Header Files">
      <UniqueIdentifier>{0ba33bcf-ce66-4a47-b448-edd471275a72}</UniqueIdentifier>
      <Extensions>h;hpp;hxx;hm;inl</Extensions>
    </Filter>
    <Filter Include="Shaders">
      <UniqueIdentifier>{0f73e2b6-4e57-4cc9-a65d-19b656aed31d}</UniqueIdentifier>
    </Filter>
    <Filter Include="Shaders\Simple">
      <UniqueIdentifier>{08eec182-042b-4883-9d3a-31184f5a1feb}</UniqueIdentifier>
    </Filter>
    <Filter Include="Shaders\Bump Specular">
      <UniqueIdentifier>{d694d88a-5294-44f1-8773-44dceb5bff72}</UniqueIdentifier>
    </Filter>
    <Filter Include="Shaders\Bump Diffuse">
      <UniqueIdentifier>{b8b06dbf-4d35-45fa-abb8-c090c5664693}</UniqueIdentifier>
    </Filter>
    <Filter Include="Shaders\Gloss Mask">
      <UniqueIdentifier>{016d0b9e-0edd-46e8-9b56-7488803480c3}</UniqueIdentifier>
    </Filter>
    <Filter Include="Shaders\Cube Map">
      <UniqueIdentifier>{f950c061-a933-4659-9fb2-8a772cd7a737}</UniqueIdentifier>
    </Filter>
    <Filter Include="Shaders\LegacyW3D">
      <UniqueIdentifier>{f0f34b0e-57a6-45a1-ae55-ff74d78e8627}</UniqueIdentifier>
    </Filter>
  </ItemGroup>
  <ItemGroup>
    <ClCompile Include="shddef.cpp">
      <Filter>Source Files</Filter>
    </ClCompile>
    <ClCompile Include="shddeffactory.cpp">
      <Filter>Source Files</Filter>
    </ClCompile>
    <ClCompile Include="shddefmanager.cpp">
      <Filter>Source Files</Filter>
    </ClCompile>
    <ClCompile Include="shdforcelinks.cpp">
      <Filter>Source Files</Filter>
    </ClCompile>
    <ClCompile Include="shdhwshader.cpp">
      <Filter>Source Files</Filter>
    </ClCompile>
    <ClCompile Include="shdinterface.cpp">
      <Filter>Source Files</Filter>
    </ClCompile>
    <ClCompile Include="shdlib.cpp">
      <Filter>Source Files</Filter>
    </ClCompile>
    <ClCompile Include="shdloader.cpp">
      <Filter>Source Files</Filter>
    </ClCompile>
    <ClCompile Include="shdmesh.cpp">
      <Filter>Source Files</Filter>
    </ClCompile>
    <ClCompile Include="shdrenderer.cpp">
      <Filter>Source Files</Filter>
    </ClCompile>
    <ClCompile Include="shdsubmesh.cpp">
      <Filter>Source Files</Filter>
    </ClCompile>
    <ClCompile Include="shdsimple.cpp">
      <Filter>Shaders\Simple</Filter>
    </ClCompile>
    <ClCompile Include="shd6bumpspec.cpp">
      <Filter>Shaders\Bump Specular</Filter>
    </ClCompile>
    <ClCompile Include="shd7bumpspec.cpp">
      <Filter>Shaders\Bump Specular</Filter>
    </ClCompile>
    <ClCompile Include="shd8bumpspec.cpp">
      <Filter>Shaders\Bump Specular</Filter>
    </ClCompile>
    <ClCompile Include="shdbumpspec.cpp">
      <Filter>Shaders\Bump Specular</Filter>
    </ClCompile>
    <ClCompile Include="shd6bumpdiff.cpp">
      <Filter>Shaders\Bump Diffuse</Filter>
    </ClCompile>
    <ClCompile Include="shd7bumpdiff.cpp">
      <Filter>Shaders\Bump Diffuse</Filter>
    </ClCompile>
    <ClCompile Include="shd8bumpdiff.cpp">
      <Filter>Shaders\Bump Diffuse</Filter>
    </ClCompile>
    <ClCompile Include="shdbumpdiff.cpp">
      <Filter>Shaders\Bump Diffuse</Filter>
    </ClCompile>
    <ClCompile Include="shdglossmask.cpp">
      <Filter>Shaders\Gloss Mask</Filter>
    </ClCompile>
    <ClCompile Include="shdcubemap.cpp">
      <Filter>Shaders\Cube Map</Filter>
    </ClCompile>
    <ClCompile Include="shdlegacyw3d.cpp">
      <Filter>Shaders\LegacyW3D</Filter>
    </ClCompile>
  </ItemGroup>
  <ItemGroup>
    <ClInclude Include="shdclassids.h">
      <Filter>Header Files</Filter>
    </ClInclude>
    <ClInclude Include="shddef.h">
      <Filter>Header Files</Filter>
    </ClInclude>
    <ClInclude Include="shddeffactory.h">
      <Filter>Header Files</Filter>
    </ClInclude>
    <ClInclude Include="shddefmanager.h">
      <Filter>Header Files</Filter>
    </ClInclude>
    <ClInclude Include="shdforcelinks.h">
      <Filter>Header Files</Filter>
    </ClInclude>
    <ClInclude Include="shdhw_constants.h">
      <Filter>Header Files</Filter>
    </ClInclude>
    <ClInclude Include="shdhwshader.h">
      <Filter>Header Files</Filter>
    </ClInclude>
    <ClInclude Include="shdinterface.h">
      <Filter>Header Files</Filter>
    </ClInclude>
    <ClInclude Include="shdloader.h">
      <Filter>Header Files</Filter>
    </ClInclude>
    <ClInclude Include="shdmesh.h">
      <Filter>Header Files</Filter>
    </ClInclude>
    <ClInclude Include="shdrenderer.h">
      <Filter>Header Files</Filter>
    </ClInclude>
    <ClInclude Include="shdsubmesh.h">
      <Filter>Header Files</Filter>
    </ClInclude>
    <ClInclude Include="shdsimple.h">
      <Filter>Shaders\Simple</Filter>
    </ClInclude>
    <ClInclude Include="shd6bumpspec.h">
      <Filter>Shaders\Bump Specular</Filter>
    </ClInclude>
    <ClInclude Include="shd6bumpspec_constants.h">
      <Filter>Shaders\Bump Specular</Filter>
    </ClInclude>
    <ClInclude Include="shd7bumpspec.h">
      <Filter>Shaders\Bump Specular</Filter>
    </ClInclude>
    <ClInclude Include="shd7bumpspec_constants.h">
      <Filter>Shaders\Bump Specular</Filter>
    </ClInclude>
    <ClInclude Include="shd8bumpspec.h">
      <Filter>Shaders\Bump Specular</Filter>
    </ClInclude>
    <ClInclude Include="shd8bumpspec_constants.h">
      <Filter>Shaders\Bump Specular</Filter>
    </ClInclude>
    <ClInclude Include="shdbumpspec.h">
      <Filter>Shaders\Bump Specular</Filter>
    </ClInclude>
    <ClInclude Include="shd6bumpdiff.h">
      <Filter>Shaders\Bump Diffuse</Filter>
    </ClInclude>
    <ClInclude Include="shd6bumpdiff_constants.h">
      <Filter>Shaders\Bump Diffuse</Filter>
    </ClInclude>
    <ClInclude Include="shd7bumpdiff.h">
      <Filter>Shaders\Bump Diffuse</Filter>
    </ClInclude>
    <ClInclude Include="shd7bumpdiff_constants.h">
      <Filter>Shaders\Bump Diffuse</Filter>
    </ClInclude>
    <ClInclude Include="shd8bumpdiff.h">
      <Filter>Shaders\Bump Diffuse</Filter>
    </ClInclude>
    <ClInclude Include="shd8bumpdiff_constants.h">
      <Filter>Shaders\Bump Diffuse</Filter>
    </ClInclude>
    <ClInclude Include="shdbumpdiff.h">
      <Filter>Shaders\Bump Diffuse</Filter>
    </ClInclude>
    <ClInclude Include="shdglossmask.h">
      <Filter>Shaders\Gloss Mask</Filter>
    </ClInclude>
    <ClInclude Include="shdcubemap.h">
      <Filter>Shaders\Cube Map</Filter>
    </ClInclude>
    <ClInclude Include="shdlegacyw3d.h">
      <Filter>Shaders\LegacyW3D</Filter>
    </ClInclude>
  </ItemGroup>
  <ItemGroup>
    <CustomBuild Include="shd6bumpspec.vsh">
      <Filter>Shaders\Bump Specular</Filter>
    </CustomBuild>
    <CustomBuild Include="shd7bumpspecpass0.vsh">
      <Filter>Shaders\Bump Specular</Filter>
    </CustomBuild>
    <CustomBuild Include="shd7bumpspecpass1.vsh">
      <Filter>Shaders\Bump Specular</Filter>
    </CustomBuild>
    <CustomBuild Include="shd8bumpspec.psh">
      <Filter>Shaders\Bump Specular</Filter>
    </CustomBuild>
    <CustomBuild Include="shd8bumpspec.vsh">
      <Filter>Shaders\Bump Specular</Filter>
    </CustomBuild>
    <CustomBuild Include="shd8ssbumpspec.psh">
      <Filter>Shaders\Bump Specular</Filter>
    </CustomBuild>
    <CustomBuild Include="shd8ssbumpspec.vsh">
      <Filter>Shaders\Bump Specular</Filter>
    </CustomBuild>
    <CustomBuild Include="shd6bumpdiff.vsh">
      <Filter>Shaders\Bump Diffuse</Filter>
    </CustomBuild>
    <CustomBuild Include="shd7bumpdiffpass0.vsh">
      <Filter>Shaders\Bump Diffuse</Filter>
    </CustomBuild>
    <CustomBuild Include="shd7bumpdiffpass1.vsh">
      <Filter>Shaders\Bump Diffuse</Filter>
    </CustomBuild>
    <CustomBuild Include="shd8bumpdiff.psh">
      <Filter>Shaders\Bump Diffuse</Filter>
    </CustomBuild>
    <CustomBuild Include="shd8bumpdiff.vsh">
      <Filter>Shaders\Bump Diffuse</Filter>
    </CustomBuild>
    <CustomBuild Include="shd8ssbumpdiff.psh">
      <Filter>Shaders\Bump Diffuse</Filter>
    </CustomBuild>
    <CustomBuild Include="shd8ssbumpdiff.vsh">
      <Filter>Shaders\Bump Diffuse</Filter>
    </CustomBuild>
  </ItemGroup>
</Project>